// !$*UTF8*$!
{
	archiveVersion = 1;
	classes = {
	};
	objectVersion = 46;
	objects = {

/* Begin PBXBuildFile section */
		0807A9BA15424A3800B72B3E /* MessageCell.m in Sources */ = {isa = PBXBuildFile; fileRef = 0807A9B915424A3800B72B3E /* MessageCell.m */; };
		0807A9C515435D0E00B72B3E /* AllCell.m in Sources */ = {isa = PBXBuildFile; fileRef = 0807A9C415435D0E00B72B3E /* AllCell.m */; };
		0807A9D015437AFE00B72B3E /* SearchViewController.m in Sources */ = {isa = PBXBuildFile; fileRef = 0807A9CF15437AFE00B72B3E /* SearchViewController.m */; };
		0807A9D315437C3400B72B3E /* SearchCell.m in Sources */ = {isa = PBXBuildFile; fileRef = 0807A9D215437C3400B72B3E /* SearchCell.m */; };
		083A8B29154210EA0078989E /* ConversationCell.m in Sources */ = {isa = PBXBuildFile; fileRef = 083A8B28154210E90078989E /* ConversationCell.m */; };
		08D612CC156D7BF100F33490 /* profileCustomCell.xib in Resources */ = {isa = PBXBuildFile; fileRef = 08D612CB156D7BF100F33490 /* profileCustomCell.xib */; };
		08D612CF156D7CEF00F33490 /* profileCustomCell.m in Sources */ = {isa = PBXBuildFile; fileRef = 08D612CE156D7CEF00F33490 /* profileCustomCell.m */; };
		08D612D3156D84D300F33490 /* CustomMessageCell.xib in Resources */ = {isa = PBXBuildFile; fileRef = 08D612D2156D84D300F33490 /* CustomMessageCell.xib */; };
		08D612D6156D864E00F33490 /* CustomMessageCell.m in Sources */ = {isa = PBXBuildFile; fileRef = 08D612D5156D864E00F33490 /* CustomMessageCell.m */; };
		A721296A1589D13300AC5EF9 /* AFChattyAPIClient.m in Sources */ = {isa = PBXBuildFile; fileRef = A72129691589D13300AC5EF9 /* AFChattyAPIClient.m */; };
		A736D045152BBA620049AB22 /* UIKit.framework in Frameworks */ = {isa = PBXBuildFile; fileRef = A736D044152BBA620049AB22 /* UIKit.framework */; };
		A736D047152BBA620049AB22 /* Foundation.framework in Frameworks */ = {isa = PBXBuildFile; fileRef = A736D046152BBA620049AB22 /* Foundation.framework */; };
		A736D04F152BBA620049AB22 /* InfoPlist.strings in Resources */ = {isa = PBXBuildFile; fileRef = A736D04D152BBA620049AB22 /* InfoPlist.strings */; };
		A736D051152BBA620049AB22 /* main.m in Sources */ = {isa = PBXBuildFile; fileRef = A736D050152BBA620049AB22 /* main.m */; };
		A736D055152BBA620049AB22 /* BIDAppDelegate.m in Sources */ = {isa = PBXBuildFile; fileRef = A736D054152BBA620049AB22 /* BIDAppDelegate.m */; };
		A736D058152BBA620049AB22 /* MainStoryboard.storyboard in Resources */ = {isa = PBXBuildFile; fileRef = A736D056152BBA620049AB22 /* MainStoryboard.storyboard */; };
		A736D05D152BBA620049AB22 /* first.png in Resources */ = {isa = PBXBuildFile; fileRef = A736D05C152BBA620049AB22 /* first.png */; };
		A736D05F152BBA620049AB22 /* first@2x.png in Resources */ = {isa = PBXBuildFile; fileRef = A736D05E152BBA620049AB22 /* first@2x.png */; };
		A736D064152BBA620049AB22 /* second.png in Resources */ = {isa = PBXBuildFile; fileRef = A736D063152BBA620049AB22 /* second.png */; };
		A736D066152BBA620049AB22 /* second@2x.png in Resources */ = {isa = PBXBuildFile; fileRef = A736D065152BBA620049AB22 /* second@2x.png */; };
		A736D06E152BBD670049AB22 /* Community.m in Sources */ = {isa = PBXBuildFile; fileRef = A736D06D152BBD670049AB22 /* Community.m */; };
		A736D071152BBD7B0049AB22 /* Me.m in Sources */ = {isa = PBXBuildFile; fileRef = A736D070152BBD7B0049AB22 /* Me.m */; };
		A736D077152BFE8A0049AB22 /* Conversation.m in Sources */ = {isa = PBXBuildFile; fileRef = A736D076152BFE8A0049AB22 /* Conversation.m */; };
		A736D07A1533859C0049AB22 /* composeConversation.m in Sources */ = {isa = PBXBuildFile; fileRef = A736D0791533859B0049AB22 /* composeConversation.m */; };
		A76DDED0158537C100F8D65D /* AFHTTPClient.m in Sources */ = {isa = PBXBuildFile; fileRef = A76DDEBC158537C100F8D65D /* AFHTTPClient.m */; settings = {COMPILER_FLAGS = "-fno-objc-arc"; }; };
		A76DDED1158537C100F8D65D /* AFHTTPRequestOperation.m in Sources */ = {isa = PBXBuildFile; fileRef = A76DDEBE158537C100F8D65D /* AFHTTPRequestOperation.m */; settings = {COMPILER_FLAGS = "-fno-objc-arc"; }; };
		A76DDED2158537C100F8D65D /* AFImageRequestOperation.m in Sources */ = {isa = PBXBuildFile; fileRef = A76DDEC0158537C100F8D65D /* AFImageRequestOperation.m */; settings = {COMPILER_FLAGS = "-fno-objc-arc"; }; };
		A76DDED3158537C100F8D65D /* AFJSONRequestOperation.m in Sources */ = {isa = PBXBuildFile; fileRef = A76DDEC2158537C100F8D65D /* AFJSONRequestOperation.m */; settings = {COMPILER_FLAGS = "-fno-objc-arc"; }; };
		A76DDED4158537C100F8D65D /* AFJSONUtilities.m in Sources */ = {isa = PBXBuildFile; fileRef = A76DDEC4158537C100F8D65D /* AFJSONUtilities.m */; settings = {COMPILER_FLAGS = "-fno-objc-arc"; }; };
		A76DDED5158537C100F8D65D /* AFNetworkActivityIndicatorManager.m in Sources */ = {isa = PBXBuildFile; fileRef = A76DDEC6158537C100F8D65D /* AFNetworkActivityIndicatorManager.m */; settings = {COMPILER_FLAGS = "-fno-objc-arc"; }; };
		A76DDED6158537C100F8D65D /* AFPropertyListRequestOperation.m in Sources */ = {isa = PBXBuildFile; fileRef = A76DDEC9158537C100F8D65D /* AFPropertyListRequestOperation.m */; settings = {COMPILER_FLAGS = "-fno-objc-arc"; }; };
		A76DDED7158537C100F8D65D /* AFURLConnectionOperation.m in Sources */ = {isa = PBXBuildFile; fileRef = A76DDECB158537C100F8D65D /* AFURLConnectionOperation.m */; settings = {COMPILER_FLAGS = "-fno-objc-arc"; }; };
		A76DDED8158537C100F8D65D /* AFXMLRequestOperation.m in Sources */ = {isa = PBXBuildFile; fileRef = A76DDECD158537C100F8D65D /* AFXMLRequestOperation.m */; settings = {COMPILER_FLAGS = "-fno-objc-arc"; }; };
		A76DDED9158537C100F8D65D /* UIImageView+AFNetworking.m in Sources */ = {isa = PBXBuildFile; fileRef = A76DDECF158537C100F8D65D /* UIImageView+AFNetworking.m */; settings = {COMPILER_FLAGS = "-fno-objc-arc"; }; };
		A7954A5915911D63008C0E69 /* JasonTerry.xib in Resources */ = {isa = PBXBuildFile; fileRef = A7954A5815911D63008C0E69 /* JasonTerry.xib */; };
		A7954A5C15911E35008C0E69 /* jasonT.jpeg in Resources */ = {isa = PBXBuildFile; fileRef = A7954A5B15911E35008C0E69 /* jasonT.jpeg */; };
		A7954A5E15912925008C0E69 /* JasonKidd.xib in Resources */ = {isa = PBXBuildFile; fileRef = A7954A5D15912925008C0E69 /* JasonKidd.xib */; };
		A7954A6015912930008C0E69 /* MarkCuban.xib in Resources */ = {isa = PBXBuildFile; fileRef = A7954A5F15912930008C0E69 /* MarkCuban.xib */; };
		A7954A6215912A38008C0E69 /* JKidd.jpg in Resources */ = {isa = PBXBuildFile; fileRef = A7954A6115912A38008C0E69 /* JKidd.jpg */; };
		A7954A6415912AD0008C0E69 /* MarkWithAri.jpg in Resources */ = {isa = PBXBuildFile; fileRef = A7954A6315912AD0008C0E69 /* MarkWithAri.jpg */; };
		A7BBBFD5158858CD00015173 /* Security.framework in Frameworks */ = {isa = PBXBuildFile; fileRef = A7BBBFD4158858CD00015173 /* Security.framework */; };
		A7BBBFD9158859FA00015173 /* KeychainItemWrapper.m in Sources */ = {isa = PBXBuildFile; fileRef = A7BBBFD8158859FA00015173 /* KeychainItemWrapper.m */; };
		A7E5997F153614D8009633DC /* Login.m in Sources */ = {isa = PBXBuildFile; fileRef = A7E5997E153614D8009633DC /* Login.m */; };
		A7E5998515362CBC009633DC /* Registered.m in Sources */ = {isa = PBXBuildFile; fileRef = A7E5998415362CBC009633DC /* Registered.m */; };
		A7E5998E153A5E13009633DC /* Profile.m in Sources */ = {isa = PBXBuildFile; fileRef = A7E5998D153A5E13009633DC /* Profile.m */; };
		A7FE162F158A928B00AB5876 /* refresh.png in Resources */ = {isa = PBXBuildFile; fileRef = A7FE162E158A928B00AB5876 /* refresh.png */; };
		A7FE1632158A939200AB5876 /* UIButtonBarRefresh.jpg in Resources */ = {isa = PBXBuildFile; fileRef = A7FE1631158A939200AB5876 /* UIButtonBarRefresh.jpg */; };
		A7FE1636158ED00B00AB5876 /* dirk_nowitzki_027.jpg in Resources */ = {isa = PBXBuildFile; fileRef = A7FE1635158ED00A00AB5876 /* dirk_nowitzki_027.jpg */; };
		A7FE1639158F154700AB5876 /* composeMessageOnly.m in Sources */ = {isa = PBXBuildFile; fileRef = A7FE1638158F154600AB5876 /* composeMessageOnly.m */; };
/* End PBXBuildFile section */

/* Begin PBXFileReference section */
		0807A9B815424A3800B72B3E /* MessageCell.h */ = {isa = PBXFileReference; fileEncoding = 4; lastKnownFileType = sourcecode.c.h; path = MessageCell.h; sourceTree = "<group>"; };
		0807A9B915424A3800B72B3E /* MessageCell.m */ = {isa = PBXFileReference; fileEncoding = 4; lastKnownFileType = sourcecode.c.objc; path = MessageCell.m; sourceTree = "<group>"; };
		0807A9C315435D0E00B72B3E /* AllCell.h */ = {isa = PBXFileReference; fileEncoding = 4; lastKnownFileType = sourcecode.c.h; path = AllCell.h; sourceTree = "<group>"; };
		0807A9C415435D0E00B72B3E /* AllCell.m */ = {isa = PBXFileReference; fileEncoding = 4; lastKnownFileType = sourcecode.c.objc; path = AllCell.m; sourceTree = "<group>"; };
		0807A9CE15437AFE00B72B3E /* SearchViewController.h */ = {isa = PBXFileReference; fileEncoding = 4; lastKnownFileType = sourcecode.c.h; path = SearchViewController.h; sourceTree = "<group>"; };
		0807A9CF15437AFE00B72B3E /* SearchViewController.m */ = {isa = PBXFileReference; fileEncoding = 4; lastKnownFileType = sourcecode.c.objc; path = SearchViewController.m; sourceTree = "<group>"; };
		0807A9D115437C3300B72B3E /* SearchCell.h */ = {isa = PBXFileReference; fileEncoding = 4; lastKnownFileType = sourcecode.c.h; path = SearchCell.h; sourceTree = "<group>"; };
		0807A9D215437C3400B72B3E /* SearchCell.m */ = {isa = PBXFileReference; fileEncoding = 4; lastKnownFileType = sourcecode.c.objc; path = SearchCell.m; sourceTree = "<group>"; };
		083A8B27154210E90078989E /* ConversationCell.h */ = {isa = PBXFileReference; fileEncoding = 4; lastKnownFileType = sourcecode.c.h; path = ConversationCell.h; sourceTree = "<group>"; };
		083A8B28154210E90078989E /* ConversationCell.m */ = {isa = PBXFileReference; fileEncoding = 4; lastKnownFileType = sourcecode.c.objc; path = ConversationCell.m; sourceTree = "<group>"; };
		08D612CB156D7BF100F33490 /* profileCustomCell.xib */ = {isa = PBXFileReference; fileEncoding = 4; lastKnownFileType = file.xib; path = profileCustomCell.xib; sourceTree = "<group>"; };
		08D612CD156D7CEF00F33490 /* profileCustomCell.h */ = {isa = PBXFileReference; fileEncoding = 4; lastKnownFileType = sourcecode.c.h; path = profileCustomCell.h; sourceTree = "<group>"; };
		08D612CE156D7CEF00F33490 /* profileCustomCell.m */ = {isa = PBXFileReference; fileEncoding = 4; lastKnownFileType = sourcecode.c.objc; path = profileCustomCell.m; sourceTree = "<group>"; };
		08D612D2156D84D300F33490 /* CustomMessageCell.xib */ = {isa = PBXFileReference; fileEncoding = 4; lastKnownFileType = file.xib; name = CustomMessageCell.xib; path = ../CustomMessageCell.xib; sourceTree = "<group>"; };
		08D612D4156D864E00F33490 /* CustomMessageCell.h */ = {isa = PBXFileReference; fileEncoding = 4; lastKnownFileType = sourcecode.c.h; path = CustomMessageCell.h; sourceTree = "<group>"; };
		08D612D5156D864E00F33490 /* CustomMessageCell.m */ = {isa = PBXFileReference; fileEncoding = 4; lastKnownFileType = sourcecode.c.objc; path = CustomMessageCell.m; sourceTree = "<group>"; };
		A72129681589D13300AC5EF9 /* AFChattyAPIClient.h */ = {isa = PBXFileReference; fileEncoding = 4; lastKnownFileType = sourcecode.c.h; path = AFChattyAPIClient.h; sourceTree = "<group>"; };
		A72129691589D13300AC5EF9 /* AFChattyAPIClient.m */ = {isa = PBXFileReference; fileEncoding = 4; lastKnownFileType = sourcecode.c.objc; path = AFChattyAPIClient.m; sourceTree = "<group>"; };
		A736D040152BBA620049AB22 /* Chatty.app */ = {isa = PBXFileReference; explicitFileType = wrapper.application; includeInIndex = 0; path = Chatty.app; sourceTree = BUILT_PRODUCTS_DIR; };
		A736D044152BBA620049AB22 /* UIKit.framework */ = {isa = PBXFileReference; lastKnownFileType = wrapper.framework; name = UIKit.framework; path = System/Library/Frameworks/UIKit.framework; sourceTree = SDKROOT; };
		A736D046152BBA620049AB22 /* Foundation.framework */ = {isa = PBXFileReference; lastKnownFileType = wrapper.framework; name = Foundation.framework; path = System/Library/Frameworks/Foundation.framework; sourceTree = SDKROOT; };
		A736D04C152BBA620049AB22 /* Chatty-Info.plist */ = {isa = PBXFileReference; lastKnownFileType = text.plist.xml; path = "Chatty-Info.plist"; sourceTree = "<group>"; };
		A736D04E152BBA620049AB22 /* en */ = {isa = PBXFileReference; lastKnownFileType = text.plist.strings; name = en; path = en.lproj/InfoPlist.strings; sourceTree = "<group>"; };
		A736D050152BBA620049AB22 /* main.m */ = {isa = PBXFileReference; lastKnownFileType = sourcecode.c.objc; path = main.m; sourceTree = "<group>"; };
		A736D052152BBA620049AB22 /* Chatty-Prefix.pch */ = {isa = PBXFileReference; lastKnownFileType = sourcecode.c.h; path = "Chatty-Prefix.pch"; sourceTree = "<group>"; };
		A736D053152BBA620049AB22 /* BIDAppDelegate.h */ = {isa = PBXFileReference; lastKnownFileType = sourcecode.c.h; path = BIDAppDelegate.h; sourceTree = "<group>"; };
		A736D054152BBA620049AB22 /* BIDAppDelegate.m */ = {isa = PBXFileReference; lastKnownFileType = sourcecode.c.objc; path = BIDAppDelegate.m; sourceTree = "<group>"; };
		A736D057152BBA620049AB22 /* en */ = {isa = PBXFileReference; lastKnownFileType = file.storyboard; name = en; path = en.lproj/MainStoryboard.storyboard; sourceTree = "<group>"; };
		A736D05C152BBA620049AB22 /* first.png */ = {isa = PBXFileReference; lastKnownFileType = image.png; path = first.png; sourceTree = "<group>"; };
		A736D05E152BBA620049AB22 /* first@2x.png */ = {isa = PBXFileReference; lastKnownFileType = image.png; path = "first@2x.png"; sourceTree = "<group>"; };
		A736D063152BBA620049AB22 /* second.png */ = {isa = PBXFileReference; lastKnownFileType = image.png; path = second.png; sourceTree = "<group>"; };
		A736D065152BBA620049AB22 /* second@2x.png */ = {isa = PBXFileReference; lastKnownFileType = image.png; path = "second@2x.png"; sourceTree = "<group>"; };
		A736D06C152BBD670049AB22 /* Community.h */ = {isa = PBXFileReference; fileEncoding = 4; lastKnownFileType = sourcecode.c.h; path = Community.h; sourceTree = "<group>"; };
		A736D06D152BBD670049AB22 /* Community.m */ = {isa = PBXFileReference; fileEncoding = 4; lastKnownFileType = sourcecode.c.objc; path = Community.m; sourceTree = "<group>"; };
		A736D06F152BBD7B0049AB22 /* Me.h */ = {isa = PBXFileReference; fileEncoding = 4; lastKnownFileType = sourcecode.c.h; path = Me.h; sourceTree = "<group>"; };
		A736D070152BBD7B0049AB22 /* Me.m */ = {isa = PBXFileReference; fileEncoding = 4; lastKnownFileType = sourcecode.c.objc; path = Me.m; sourceTree = "<group>"; };
		A736D075152BFE8A0049AB22 /* Conversation.h */ = {isa = PBXFileReference; fileEncoding = 4; lastKnownFileType = sourcecode.c.h; path = Conversation.h; sourceTree = "<group>"; };
		A736D076152BFE8A0049AB22 /* Conversation.m */ = {isa = PBXFileReference; fileEncoding = 4; lastKnownFileType = sourcecode.c.objc; path = Conversation.m; sourceTree = "<group>"; };
		A736D0781533859B0049AB22 /* composeConversation.h */ = {isa = PBXFileReference; fileEncoding = 4; lastKnownFileType = sourcecode.c.h; path = composeConversation.h; sourceTree = "<group>"; };
		A736D0791533859B0049AB22 /* composeConversation.m */ = {isa = PBXFileReference; fileEncoding = 4; lastKnownFileType = sourcecode.c.objc; path = composeConversation.m; sourceTree = "<group>"; };
		A76DDEBB158537C100F8D65D /* AFHTTPClient.h */ = {isa = PBXFileReference; fileEncoding = 4; lastKnownFileType = sourcecode.c.h; path = AFHTTPClient.h; sourceTree = "<group>"; };
		A76DDEBC158537C100F8D65D /* AFHTTPClient.m */ = {isa = PBXFileReference; fileEncoding = 4; lastKnownFileType = sourcecode.c.objc; path = AFHTTPClient.m; sourceTree = "<group>"; };
		A76DDEBD158537C100F8D65D /* AFHTTPRequestOperation.h */ = {isa = PBXFileReference; fileEncoding = 4; lastKnownFileType = sourcecode.c.h; path = AFHTTPRequestOperation.h; sourceTree = "<group>"; };
		A76DDEBE158537C100F8D65D /* AFHTTPRequestOperation.m */ = {isa = PBXFileReference; fileEncoding = 4; lastKnownFileType = sourcecode.c.objc; path = AFHTTPRequestOperation.m; sourceTree = "<group>"; };
		A76DDEBF158537C100F8D65D /* AFImageRequestOperation.h */ = {isa = PBXFileReference; fileEncoding = 4; lastKnownFileType = sourcecode.c.h; path = AFImageRequestOperation.h; sourceTree = "<group>"; };
		A76DDEC0158537C100F8D65D /* AFImageRequestOperation.m */ = {isa = PBXFileReference; fileEncoding = 4; lastKnownFileType = sourcecode.c.objc; path = AFImageRequestOperation.m; sourceTree = "<group>"; };
		A76DDEC1158537C100F8D65D /* AFJSONRequestOperation.h */ = {isa = PBXFileReference; fileEncoding = 4; lastKnownFileType = sourcecode.c.h; path = AFJSONRequestOperation.h; sourceTree = "<group>"; };
		A76DDEC2158537C100F8D65D /* AFJSONRequestOperation.m */ = {isa = PBXFileReference; fileEncoding = 4; lastKnownFileType = sourcecode.c.objc; path = AFJSONRequestOperation.m; sourceTree = "<group>"; };
		A76DDEC3158537C100F8D65D /* AFJSONUtilities.h */ = {isa = PBXFileReference; fileEncoding = 4; lastKnownFileType = sourcecode.c.h; path = AFJSONUtilities.h; sourceTree = "<group>"; };
		A76DDEC4158537C100F8D65D /* AFJSONUtilities.m */ = {isa = PBXFileReference; fileEncoding = 4; lastKnownFileType = sourcecode.c.objc; path = AFJSONUtilities.m; sourceTree = "<group>"; };
		A76DDEC5158537C100F8D65D /* AFNetworkActivityIndicatorManager.h */ = {isa = PBXFileReference; fileEncoding = 4; lastKnownFileType = sourcecode.c.h; path = AFNetworkActivityIndicatorManager.h; sourceTree = "<group>"; };
		A76DDEC6158537C100F8D65D /* AFNetworkActivityIndicatorManager.m */ = {isa = PBXFileReference; fileEncoding = 4; lastKnownFileType = sourcecode.c.objc; path = AFNetworkActivityIndicatorManager.m; sourceTree = "<group>"; };
		A76DDEC7158537C100F8D65D /* AFNetworking.h */ = {isa = PBXFileReference; fileEncoding = 4; lastKnownFileType = sourcecode.c.h; path = AFNetworking.h; sourceTree = "<group>"; };
		A76DDEC8158537C100F8D65D /* AFPropertyListRequestOperation.h */ = {isa = PBXFileReference; fileEncoding = 4; lastKnownFileType = sourcecode.c.h; path = AFPropertyListRequestOperation.h; sourceTree = "<group>"; };
		A76DDEC9158537C100F8D65D /* AFPropertyListRequestOperation.m */ = {isa = PBXFileReference; fileEncoding = 4; lastKnownFileType = sourcecode.c.objc; path = AFPropertyListRequestOperation.m; sourceTree = "<group>"; };
		A76DDECA158537C100F8D65D /* AFURLConnectionOperation.h */ = {isa = PBXFileReference; fileEncoding = 4; lastKnownFileType = sourcecode.c.h; path = AFURLConnectionOperation.h; sourceTree = "<group>"; };
		A76DDECB158537C100F8D65D /* AFURLConnectionOperation.m */ = {isa = PBXFileReference; fileEncoding = 4; lastKnownFileType = sourcecode.c.objc; path = AFURLConnectionOperation.m; sourceTree = "<group>"; };
		A76DDECC158537C100F8D65D /* AFXMLRequestOperation.h */ = {isa = PBXFileReference; fileEncoding = 4; lastKnownFileType = sourcecode.c.h; path = AFXMLRequestOperation.h; sourceTree = "<group>"; };
		A76DDECD158537C100F8D65D /* AFXMLRequestOperation.m */ = {isa = PBXFileReference; fileEncoding = 4; lastKnownFileType = sourcecode.c.objc; path = AFXMLRequestOperation.m; sourceTree = "<group>"; };
		A76DDECE158537C100F8D65D /* UIImageView+AFNetworking.h */ = {isa = PBXFileReference; fileEncoding = 4; lastKnownFileType = sourcecode.c.h; path = "UIImageView+AFNetworking.h"; sourceTree = "<group>"; };
		A76DDECF158537C100F8D65D /* UIImageView+AFNetworking.m */ = {isa = PBXFileReference; fileEncoding = 4; lastKnownFileType = sourcecode.c.objc; path = "UIImageView+AFNetworking.m"; sourceTree = "<group>"; };
		A7954A5815911D63008C0E69 /* JasonTerry.xib */ = {isa = PBXFileReference; fileEncoding = 4; lastKnownFileType = file.xib; path = JasonTerry.xib; sourceTree = "<group>"; };
		A7954A5B15911E35008C0E69 /* jasonT.jpeg */ = {isa = PBXFileReference; lastKnownFileType = image.jpeg; path = jasonT.jpeg; sourceTree = "<group>"; };
		A7954A5D15912925008C0E69 /* JasonKidd.xib */ = {isa = PBXFileReference; fileEncoding = 4; lastKnownFileType = file.xib; path = JasonKidd.xib; sourceTree = "<group>"; };
		A7954A5F15912930008C0E69 /* MarkCuban.xib */ = {isa = PBXFileReference; fileEncoding = 4; lastKnownFileType = file.xib; path = MarkCuban.xib; sourceTree = "<group>"; };
		A7954A6115912A38008C0E69 /* JKidd.jpg */ = {isa = PBXFileReference; lastKnownFileType = image.jpeg; path = JKidd.jpg; sourceTree = "<group>"; };
		A7954A6315912AD0008C0E69 /* MarkWithAri.jpg */ = {isa = PBXFileReference; lastKnownFileType = image.jpeg; path = MarkWithAri.jpg; sourceTree = "<group>"; };
		A7BBBFD4158858CD00015173 /* Security.framework */ = {isa = PBXFileReference; lastKnownFileType = wrapper.framework; name = Security.framework; path = System/Library/Frameworks/Security.framework; sourceTree = SDKROOT; };
		A7BBBFD7158859FA00015173 /* KeychainItemWrapper.h */ = {isa = PBXFileReference; fileEncoding = 4; lastKnownFileType = sourcecode.c.h; name = KeychainItemWrapper.h; path = Chatty/KeychainItemWrapper.h; sourceTree = "<group>"; };
		A7BBBFD8158859FA00015173 /* KeychainItemWrapper.m */ = {isa = PBXFileReference; fileEncoding = 4; lastKnownFileType = sourcecode.c.objc; name = KeychainItemWrapper.m; path = Chatty/KeychainItemWrapper.m; sourceTree = "<group>"; };
		A7E5997D153614D8009633DC /* Login.h */ = {isa = PBXFileReference; fileEncoding = 4; lastKnownFileType = sourcecode.c.h; path = Login.h; sourceTree = "<group>"; };
		A7E5997E153614D8009633DC /* Login.m */ = {isa = PBXFileReference; fileEncoding = 4; lastKnownFileType = sourcecode.c.objc; path = Login.m; sourceTree = "<group>"; };
		A7E5998315362CBC009633DC /* Registered.h */ = {isa = PBXFileReference; fileEncoding = 4; lastKnownFileType = sourcecode.c.h; path = Registered.h; sourceTree = "<group>"; };
		A7E5998415362CBC009633DC /* Registered.m */ = {isa = PBXFileReference; fileEncoding = 4; lastKnownFileType = sourcecode.c.objc; path = Registered.m; sourceTree = "<group>"; };
		A7E5998C153A5E13009633DC /* Profile.h */ = {isa = PBXFileReference; fileEncoding = 4; lastKnownFileType = sourcecode.c.h; path = Profile.h; sourceTree = "<group>"; };
		A7E5998D153A5E13009633DC /* Profile.m */ = {isa = PBXFileReference; fileEncoding = 4; lastKnownFileType = sourcecode.c.objc; path = Profile.m; sourceTree = "<group>"; };
		A7FE162E158A928B00AB5876 /* refresh.png */ = {isa = PBXFileReference; lastKnownFileType = image.png; path = refresh.png; sourceTree = "<group>"; };
		A7FE1631158A939200AB5876 /* UIButtonBarRefresh.jpg */ = {isa = PBXFileReference; lastKnownFileType = image.jpeg; name = UIButtonBarRefresh.jpg; path = ../AFNetworking/UIButtonBarRefresh.jpg; sourceTree = "<group>"; };
		A7FE1635158ED00A00AB5876 /* dirk_nowitzki_027.jpg */ = {isa = PBXFileReference; lastKnownFileType = image.jpeg; path = dirk_nowitzki_027.jpg; sourceTree = "<group>"; };
		A7FE1637158F154600AB5876 /* composeMessageOnly.h */ = {isa = PBXFileReference; fileEncoding = 4; lastKnownFileType = sourcecode.c.h; path = composeMessageOnly.h; sourceTree = "<group>"; };
		A7FE1638158F154600AB5876 /* composeMessageOnly.m */ = {isa = PBXFileReference; fileEncoding = 4; lastKnownFileType = sourcecode.c.objc; path = composeMessageOnly.m; sourceTree = "<group>"; };
/* End PBXFileReference section */

/* Begin PBXFrameworksBuildPhase section */
		A736D03D152BBA620049AB22 /* Frameworks */ = {
			isa = PBXFrameworksBuildPhase;
			buildActionMask = 2147483647;
			files = (
				A7BBBFD5158858CD00015173 /* Security.framework in Frameworks */,
				A736D045152BBA620049AB22 /* UIKit.framework in Frameworks */,
				A736D047152BBA620049AB22 /* Foundation.framework in Frameworks */,
			);
			runOnlyForDeploymentPostprocessing = 0;
		};
/* End PBXFrameworksBuildPhase section */

/* Begin PBXGroup section */
		0807A9BF154254BB00B72B3E /* Community */ = {
			isa = PBXGroup;
			children = (
				A736D06C152BBD670049AB22 /* Community.h */,
				A736D06D152BBD670049AB22 /* Community.m */,
				A736D0781533859B0049AB22 /* composeConversation.h */,
				A736D0791533859B0049AB22 /* composeConversation.m */,
				A736D075152BFE8A0049AB22 /* Conversation.h */,
				A736D076152BFE8A0049AB22 /* Conversation.m */,
				A7FE1637158F154600AB5876 /* composeMessageOnly.h */,
				A7FE1638158F154600AB5876 /* composeMessageOnly.m */,
				08D612D2156D84D300F33490 /* CustomMessageCell.xib */,
				A7954A5815911D63008C0E69 /* JasonTerry.xib */,
				A7954A5D15912925008C0E69 /* JasonKidd.xib */,
				A7954A5F15912930008C0E69 /* MarkCuban.xib */,
				08D612D4156D864E00F33490 /* CustomMessageCell.h */,
				08D612D5156D864E00F33490 /* CustomMessageCell.m */,
				A7954A27158FE318008C0E69 /* Misc */,
			);
			name = Community;
			sourceTree = "<group>";
		};
		0807A9C0154254EE00B72B3E /* Search */ = {
			isa = PBXGroup;
			children = (
				0807A9CE15437AFE00B72B3E /* SearchViewController.h */,
				0807A9CF15437AFE00B72B3E /* SearchViewController.m */,
				0807A9D115437C3300B72B3E /* SearchCell.h */,
				0807A9D215437C3400B72B3E /* SearchCell.m */,
			);
			name = Search;
			sourceTree = "<group>";
		};
		0807A9C11542552600B72B3E /* Profile */ = {
			isa = PBXGroup;
			children = (
				A7E5998C153A5E13009633DC /* Profile.h */,
				A7E5998D153A5E13009633DC /* Profile.m */,
				08D612CD156D7CEF00F33490 /* profileCustomCell.h */,
				08D612CE156D7CEF00F33490 /* profileCustomCell.m */,
				08D612CB156D7BF100F33490 /* profileCustomCell.xib */,
			);
			name = Profile;
			sourceTree = "<group>";
		};
		0807A9C21542554400B72B3E /* Me */ = {
			isa = PBXGroup;
			children = (
				A736D06F152BBD7B0049AB22 /* Me.h */,
				A736D070152BBD7B0049AB22 /* Me.m */,
			);
			name = Me;
			sourceTree = "<group>";
		};
		083A8B2415420C9E0078989E /* Images */ = {
			isa = PBXGroup;
			children = (
				A7FE1631158A939200AB5876 /* UIButtonBarRefresh.jpg */,
				A7954A6315912AD0008C0E69 /* MarkWithAri.jpg */,
				A7FE1635158ED00A00AB5876 /* dirk_nowitzki_027.jpg */,
				A7954A5B15911E35008C0E69 /* jasonT.jpeg */,
				A7954A6115912A38008C0E69 /* JKidd.jpg */,
				A736D05C152BBA620049AB22 /* first.png */,
				A7FE162E158A928B00AB5876 /* refresh.png */,
				A736D05E152BBA620049AB22 /* first@2x.png */,
				A736D063152BBA620049AB22 /* second.png */,
				A736D065152BBA620049AB22 /* second@2x.png */,
			);
			name = Images;
			sourceTree = "<group>";
		};
		083A8B2515420CCC0078989E /* tabs */ = {
			isa = PBXGroup;
			children = (
				0807A9BF154254BB00B72B3E /* Community */,
				0807A9C21542554400B72B3E /* Me */,
				0807A9C0154254EE00B72B3E /* Search */,
				0807A9C11542552600B72B3E /* Profile */,
			);
			name = tabs;
			sourceTree = "<group>";
		};
		A736D035152BBA620049AB22 = {
			isa = PBXGroup;
			children = (
				A76DDEBA158537C100F8D65D /* AFNetworking */,
				A736D04A152BBA620049AB22 /* Chatty */,
				A736D043152BBA620049AB22 /* Frameworks */,
				A736D041152BBA620049AB22 /* Products */,
			);
			sourceTree = "<group>";
		};
		A736D041152BBA620049AB22 /* Products */ = {
			isa = PBXGroup;
			children = (
				A736D040152BBA620049AB22 /* Chatty.app */,
			);
			name = Products;
			sourceTree = "<group>";
		};
		A736D043152BBA620049AB22 /* Frameworks */ = {
			isa = PBXGroup;
			children = (
				A7BBBFD7158859FA00015173 /* KeychainItemWrapper.h */,
				A7BBBFD8158859FA00015173 /* KeychainItemWrapper.m */,
				A7BBBFD4158858CD00015173 /* Security.framework */,
				A736D046152BBA620049AB22 /* Foundation.framework */,
				A736D044152BBA620049AB22 /* UIKit.framework */,
			);
			name = Frameworks;
			sourceTree = "<group>";
		};
		A736D04A152BBA620049AB22 /* Chatty */ = {
			isa = PBXGroup;
			children = (
				A736D053152BBA620049AB22 /* BIDAppDelegate.h */,
				A736D054152BBA620049AB22 /* BIDAppDelegate.m */,
				A72129681589D13300AC5EF9 /* AFChattyAPIClient.h */,
				A72129691589D13300AC5EF9 /* AFChattyAPIClient.m */,
				A736D056152BBA620049AB22 /* MainStoryboard.storyboard */,
				A7E5997D153614D8009633DC /* Login.h */,
				A7E5997E153614D8009633DC /* Login.m */,
				A7E5998315362CBC009633DC /* Registered.h */,
				A7E5998415362CBC009633DC /* Registered.m */,
				083A8B2515420CCC0078989E /* tabs */,
				083A8B2415420C9E0078989E /* Images */,
				A736D04B152BBA620049AB22 /* Supporting Files */,
			);
			path = Chatty;
			sourceTree = "<group>";
		};
		A736D04B152BBA620049AB22 /* Supporting Files */ = {
			isa = PBXGroup;
			children = (
				A736D04C152BBA620049AB22 /* Chatty-Info.plist */,
				A736D04D152BBA620049AB22 /* InfoPlist.strings */,
				A736D050152BBA620049AB22 /* main.m */,
				A736D052152BBA620049AB22 /* Chatty-Prefix.pch */,
			);
			name = "Supporting Files";
			sourceTree = "<group>";
		};
		A76DDEBA158537C100F8D65D /* AFNetworking */ = {
			isa = PBXGroup;
			children = (
				A76DDEBB158537C100F8D65D /* AFHTTPClient.h */,
				A76DDEBC158537C100F8D65D /* AFHTTPClient.m */,
				A76DDEBD158537C100F8D65D /* AFHTTPRequestOperation.h */,
				A76DDEBE158537C100F8D65D /* AFHTTPRequestOperation.m */,
				A76DDEBF158537C100F8D65D /* AFImageRequestOperation.h */,
				A76DDEC0158537C100F8D65D /* AFImageRequestOperation.m */,
				A76DDEC1158537C100F8D65D /* AFJSONRequestOperation.h */,
				A76DDEC2158537C100F8D65D /* AFJSONRequestOperation.m */,
				A76DDEC3158537C100F8D65D /* AFJSONUtilities.h */,
				A76DDEC4158537C100F8D65D /* AFJSONUtilities.m */,
				A76DDEC5158537C100F8D65D /* AFNetworkActivityIndicatorManager.h */,
				A76DDEC6158537C100F8D65D /* AFNetworkActivityIndicatorManager.m */,
				A76DDEC7158537C100F8D65D /* AFNetworking.h */,
				A76DDEC8158537C100F8D65D /* AFPropertyListRequestOperation.h */,
				A76DDEC9158537C100F8D65D /* AFPropertyListRequestOperation.m */,
				A76DDECA158537C100F8D65D /* AFURLConnectionOperation.h */,
				A76DDECB158537C100F8D65D /* AFURLConnectionOperation.m */,
				A76DDECC158537C100F8D65D /* AFXMLRequestOperation.h */,
				A76DDECD158537C100F8D65D /* AFXMLRequestOperation.m */,
				A76DDECE158537C100F8D65D /* UIImageView+AFNetworking.h */,
				A76DDECF158537C100F8D65D /* UIImageView+AFNetworking.m */,
			);
			path = AFNetworking;
			sourceTree = "<group>";
		};
		A7954A27158FE318008C0E69 /* Misc */ = {
			isa = PBXGroup;
			children = (
				0807A9C315435D0E00B72B3E /* AllCell.h */,
				0807A9C415435D0E00B72B3E /* AllCell.m */,
				083A8B27154210E90078989E /* ConversationCell.h */,
				083A8B28154210E90078989E /* ConversationCell.m */,
				0807A9B815424A3800B72B3E /* MessageCell.h */,
				0807A9B915424A3800B72B3E /* MessageCell.m */,
			);
			name = Misc;
			sourceTree = "<group>";
		};
/* End PBXGroup section */

/* Begin PBXNativeTarget section */
		A736D03F152BBA620049AB22 /* Chatty */ = {
			isa = PBXNativeTarget;
			buildConfigurationList = A736D069152BBA620049AB22 /* Build configuration list for PBXNativeTarget "Chatty" */;
			buildPhases = (
				A736D03C152BBA620049AB22 /* Sources */,
				A736D03D152BBA620049AB22 /* Frameworks */,
				A736D03E152BBA620049AB22 /* Resources */,
			);
			buildRules = (
			);
			dependencies = (
			);
			name = Chatty;
			productName = Chatty;
			productReference = A736D040152BBA620049AB22 /* Chatty.app */;
			productType = "com.apple.product-type.application";
		};
/* End PBXNativeTarget section */

/* Begin PBXProject section */
		A736D037152BBA620049AB22 /* Project object */ = {
			isa = PBXProject;
			attributes = {
				LastUpgradeCheck = 0430;
			};
			buildConfigurationList = A736D03A152BBA620049AB22 /* Build configuration list for PBXProject "Chatty" */;
			compatibilityVersion = "Xcode 3.2";
			developmentRegion = English;
			hasScannedForEncodings = 0;
			knownRegions = (
				en,
			);
			mainGroup = A736D035152BBA620049AB22;
			productRefGroup = A736D041152BBA620049AB22 /* Products */;
			projectDirPath = "";
			projectRoot = "";
			targets = (
				A736D03F152BBA620049AB22 /* Chatty */,
			);
		};
/* End PBXProject section */

/* Begin PBXResourcesBuildPhase section */
		A736D03E152BBA620049AB22 /* Resources */ = {
			isa = PBXResourcesBuildPhase;
			buildActionMask = 2147483647;
			files = (
				A736D04F152BBA620049AB22 /* InfoPlist.strings in Resources */,
				A736D058152BBA620049AB22 /* MainStoryboard.storyboard in Resources */,
				A736D05D152BBA620049AB22 /* first.png in Resources */,
				A736D05F152BBA620049AB22 /* first@2x.png in Resources */,
				A736D064152BBA620049AB22 /* second.png in Resources */,
				A736D066152BBA620049AB22 /* second@2x.png in Resources */,
				08D612CC156D7BF100F33490 /* profileCustomCell.xib in Resources */,
				08D612D3156D84D300F33490 /* CustomMessageCell.xib in Resources */,
				A7FE162F158A928B00AB5876 /* refresh.png in Resources */,
				A7FE1632158A939200AB5876 /* UIButtonBarRefresh.jpg in Resources */,
				A7FE1636158ED00B00AB5876 /* dirk_nowitzki_027.jpg in Resources */,
				A7954A5915911D63008C0E69 /* JasonTerry.xib in Resources */,
				A7954A5C15911E35008C0E69 /* jasonT.jpeg in Resources */,
				A7954A5E15912925008C0E69 /* JasonKidd.xib in Resources */,
				A7954A6015912930008C0E69 /* MarkCuban.xib in Resources */,
				A7954A6215912A38008C0E69 /* JKidd.jpg in Resources */,
				A7954A6415912AD0008C0E69 /* MarkWithAri.jpg in Resources */,
			);
			runOnlyForDeploymentPostprocessing = 0;
		};
/* End PBXResourcesBuildPhase section */

/* Begin PBXSourcesBuildPhase section */
		A736D03C152BBA620049AB22 /* Sources */ = {
			isa = PBXSourcesBuildPhase;
			buildActionMask = 2147483647;
			files = (
				A736D051152BBA620049AB22 /* main.m in Sources */,
				A736D055152BBA620049AB22 /* BIDAppDelegate.m in Sources */,
				A736D06E152BBD670049AB22 /* Community.m in Sources */,
				A736D071152BBD7B0049AB22 /* Me.m in Sources */,
				A736D077152BFE8A0049AB22 /* Conversation.m in Sources */,
				A736D07A1533859C0049AB22 /* composeConversation.m in Sources */,
				A7E5997F153614D8009633DC /* Login.m in Sources */,
				A7E5998515362CBC009633DC /* Registered.m in Sources */,
				A7E5998E153A5E13009633DC /* Profile.m in Sources */,
				083A8B29154210EA0078989E /* ConversationCell.m in Sources */,
				0807A9BA15424A3800B72B3E /* MessageCell.m in Sources */,
				0807A9C515435D0E00B72B3E /* AllCell.m in Sources */,
				0807A9D015437AFE00B72B3E /* SearchViewController.m in Sources */,
				0807A9D315437C3400B72B3E /* SearchCell.m in Sources */,
				08D612CF156D7CEF00F33490 /* profileCustomCell.m in Sources */,
				08D612D6156D864E00F33490 /* CustomMessageCell.m in Sources */,
				A76DDED0158537C100F8D65D /* AFHTTPClient.m in Sources */,
				A76DDED1158537C100F8D65D /* AFHTTPRequestOperation.m in Sources */,
				A76DDED2158537C100F8D65D /* AFImageRequestOperation.m in Sources */,
				A76DDED3158537C100F8D65D /* AFJSONRequestOperation.m in Sources */,
				A76DDED4158537C100F8D65D /* AFJSONUtilities.m in Sources */,
				A76DDED5158537C100F8D65D /* AFNetworkActivityIndicatorManager.m in Sources */,
				A76DDED6158537C100F8D65D /* AFPropertyListRequestOperation.m in Sources */,
				A76DDED7158537C100F8D65D /* AFURLConnectionOperation.m in Sources */,
				A76DDED8158537C100F8D65D /* AFXMLRequestOperation.m in Sources */,
				A76DDED9158537C100F8D65D /* UIImageView+AFNetworking.m in Sources */,
				A7BBBFD9158859FA00015173 /* KeychainItemWrapper.m in Sources */,
				A721296A1589D13300AC5EF9 /* AFChattyAPIClient.m in Sources */,
				A7FE1639158F154700AB5876 /* composeMessageOnly.m in Sources */,
			);
			runOnlyForDeploymentPostprocessing = 0;
		};
/* End PBXSourcesBuildPhase section */

/* Begin PBXVariantGroup section */
		A736D04D152BBA620049AB22 /* InfoPlist.strings */ = {
			isa = PBXVariantGroup;
			children = (
				A736D04E152BBA620049AB22 /* en */,
			);
			name = InfoPlist.strings;
			sourceTree = "<group>";
		};
		A736D056152BBA620049AB22 /* MainStoryboard.storyboard */ = {
			isa = PBXVariantGroup;
			children = (
				A736D057152BBA620049AB22 /* en */,
			);
			name = MainStoryboard.storyboard;
			sourceTree = "<group>";
		};
/* End PBXVariantGroup section */

/* Begin XCBuildConfiguration section */
		A736D067152BBA620049AB22 /* Debug */ = {
			isa = XCBuildConfiguration;
			buildSettings = {
				ALWAYS_SEARCH_USER_PATHS = NO;
				ARCHS = "$(ARCHS_STANDARD_32_BIT)";
				CLANG_ENABLE_OBJC_ARC = YES;
				"CODE_SIGN_IDENTITY[sdk=iphoneos*]" = "iPhone Developer";
				COPY_PHASE_STRIP = NO;
				GCC_C_LANGUAGE_STANDARD = gnu99;
				GCC_DYNAMIC_NO_PIC = NO;
				GCC_OPTIMIZATION_LEVEL = 0;
				GCC_PREPROCESSOR_DEFINITIONS = (
					"DEBUG=1",
					"$(inherited)",
				);
				GCC_SYMBOLS_PRIVATE_EXTERN = NO;
				GCC_VERSION = com.apple.compilers.llvm.clang.1_0;
				GCC_WARN_ABOUT_MISSING_PROTOTYPES = YES;
				GCC_WARN_ABOUT_RETURN_TYPE = YES;
				GCC_WARN_UNUSED_VARIABLE = YES;
				IPHONEOS_DEPLOYMENT_TARGET = 5.0;
				SDKROOT = iphoneos;
			};
			name = Debug;
		};
		A736D068152BBA620049AB22 /* Release */ = {
			isa = XCBuildConfiguration;
			buildSettings = {
				ALWAYS_SEARCH_USER_PATHS = NO;
				ARCHS = "$(ARCHS_STANDARD_32_BIT)";
				CLANG_ENABLE_OBJC_ARC = YES;
				"CODE_SIGN_IDENTITY[sdk=iphoneos*]" = "iPhone Developer";
				COPY_PHASE_STRIP = YES;
				GCC_C_LANGUAGE_STANDARD = gnu99;
				GCC_VERSION = com.apple.compilers.llvm.clang.1_0;
				GCC_WARN_ABOUT_MISSING_PROTOTYPES = YES;
				GCC_WARN_ABOUT_RETURN_TYPE = YES;
				GCC_WARN_UNUSED_VARIABLE = YES;
				IPHONEOS_DEPLOYMENT_TARGET = 5.0;
				OTHER_CFLAGS = "-DNS_BLOCK_ASSERTIONS=1";
				SDKROOT = iphoneos;
				VALIDATE_PRODUCT = YES;
			};
			name = Release;
		};
		A736D06A152BBA620049AB22 /* Debug */ = {
			isa = XCBuildConfiguration;
			buildSettings = {
				GCC_PRECOMPILE_PREFIX_HEADER = YES;
				GCC_PREFIX_HEADER = "Chatty/Chatty-Prefix.pch";
				INFOPLIST_FILE = "Chatty/Chatty-Info.plist";
				PRODUCT_NAME = "$(TARGET_NAME)";
				WRAPPER_EXTENSION = app;
			};
			name = Debug;
		};
		A736D06B152BBA620049AB22 /* Release */ = {
			isa = XCBuildConfiguration;
			buildSettings = {
				GCC_PRECOMPILE_PREFIX_HEADER = YES;
				GCC_PREFIX_HEADER = "Chatty/Chatty-Prefix.pch";
				INFOPLIST_FILE = "Chatty/Chatty-Info.plist";
				PRODUCT_NAME = "$(TARGET_NAME)";
				WRAPPER_EXTENSION = app;
			};
			name = Release;
		};
/* End XCBuildConfiguration section */

/* Begin XCConfigurationList section */
		A736D03A152BBA620049AB22 /* Build configuration list for PBXProject "Chatty" */ = {
			isa = XCConfigurationList;
			buildConfigurations = (
				A736D067152BBA620049AB22 /* Debug */,
				A736D068152BBA620049AB22 /* Release */,
			);
			defaultConfigurationIsVisible = 0;
			defaultConfigurationName = Release;
		};
		A736D069152BBA620049AB22 /* Build configuration list for PBXNativeTarget "Chatty" */ = {
			isa = XCConfigurationList;
			buildConfigurations = (
				A736D06A152BBA620049AB22 /* Debug */,
				A736D06B152BBA620049AB22 /* Release */,
			);
			defaultConfigurationIsVisible = 0;
			defaultConfigurationName = Release;
		};
/* End XCConfigurationList section */
	};
	rootObject = A736D037152BBA620049AB22 /* Project object */;
}
