// !$*UTF8*$!
{
	archiveVersion = 1;
	classes = {
	};
	objectVersion = 46;
	objects = {

/* Begin PBXBuildFile section */
		0807A9BA15424A3800B72B3E /* MessageCell.m in Sources */ = {isa = PBXBuildFile; fileRef = 0807A9B915424A3800B72B3E /* MessageCell.m */; };
		0807A9C515435D0E00B72B3E /* AllCell.m in Sources */ = {isa = PBXBuildFile; fileRef = 0807A9C415435D0E00B72B3E /* AllCell.m */; };
		0807A9D315437C3400B72B3E /* SearchCell.m in Sources */ = {isa = PBXBuildFile; fileRef = 0807A9D215437C3400B72B3E /* SearchCell.m */; };
		083A8B29154210EA0078989E /* ConversationCell.m in Sources */ = {isa = PBXBuildFile; fileRef = 083A8B28154210E90078989E /* ConversationCell.m */; };
		08D612CC156D7BF100F33490 /* profileCustomCell.xib in Resources */ = {isa = PBXBuildFile; fileRef = 08D612CB156D7BF100F33490 /* profileCustomCell.xib */; };
		08D612CF156D7CEF00F33490 /* profileCustomCell.m in Sources */ = {isa = PBXBuildFile; fileRef = 08D612CE156D7CEF00F33490 /* profileCustomCell.m */; };
		08D612D3156D84D300F33490 /* CustomMessageCell.xib in Resources */ = {isa = PBXBuildFile; fileRef = 08D612D2156D84D300F33490 /* CustomMessageCell.xib */; };
		08D612D6156D864E00F33490 /* CustomMessageCell.m in Sources */ = {isa = PBXBuildFile; fileRef = 08D612D5156D864E00F33490 /* CustomMessageCell.m */; };
		A70B6DB816D96397007D0CCF /* add.png in Resources */ = {isa = PBXBuildFile; fileRef = A70B6DB616D96397007D0CCF /* add.png */; };
		A70B6DB916D96397007D0CCF /* add@2x.png in Resources */ = {isa = PBXBuildFile; fileRef = A70B6DB716D96397007D0CCF /* add@2x.png */; };
		A70B6DC416D96A5A007D0CCF /* friends.png in Resources */ = {isa = PBXBuildFile; fileRef = A70B6DC216D96A5A007D0CCF /* friends.png */; };
		A70B6DC516D96A5A007D0CCF /* friends@2x.png in Resources */ = {isa = PBXBuildFile; fileRef = A70B6DC316D96A5A007D0CCF /* friends@2x.png */; };
		A70B6DC816D96BB7007D0CCF /* unfollow.png in Resources */ = {isa = PBXBuildFile; fileRef = A70B6DC616D96BB7007D0CCF /* unfollow.png */; };
		A70B6DC916D96BB7007D0CCF /* unfollow@2x.png in Resources */ = {isa = PBXBuildFile; fileRef = A70B6DC716D96BB7007D0CCF /* unfollow@2x.png */; };
		A70B6DCE16D972D7007D0CCF /* likedMe.png in Resources */ = {isa = PBXBuildFile; fileRef = A70B6DCA16D972D6007D0CCF /* likedMe.png */; };
		A70B6DCF16D972D7007D0CCF /* likedMe@2x.png in Resources */ = {isa = PBXBuildFile; fileRef = A70B6DCB16D972D6007D0CCF /* likedMe@2x.png */; };
		A70B6DD016D972D7007D0CCF /* likeMe.png in Resources */ = {isa = PBXBuildFile; fileRef = A70B6DCC16D972D6007D0CCF /* likeMe.png */; };
		A70B6DD116D972D7007D0CCF /* likeMe@2x.png in Resources */ = {isa = PBXBuildFile; fileRef = A70B6DCD16D972D6007D0CCF /* likeMe@2x.png */; };
		A70B6DD216D9C0D7007D0CCF /* Default-568h@2x.png in Resources */ = {isa = PBXBuildFile; fileRef = A7C17B1C166B4AAD00186336 /* Default-568h@2x.png */; };
		A71D842816392C5100F45755 /* ConversationMe.m in Sources */ = {isa = PBXBuildFile; fileRef = A71D842716392C5100F45755 /* ConversationMe.m */; };
		A721296A1589D13300AC5EF9 /* AFChattyAPIClient.m in Sources */ = {isa = PBXBuildFile; fileRef = A72129691589D13300AC5EF9 /* AFChattyAPIClient.m */; };
		A727081B15926CF30010E7D2 /* SearchFriends.m in Sources */ = {isa = PBXBuildFile; fileRef = A727081A15926CF30010E7D2 /* SearchFriends.m */; };
		A727081F1592705B0010E7D2 /* UserCell.m in Sources */ = {isa = PBXBuildFile; fileRef = A727081E1592705B0010E7D2 /* UserCell.m */; };
		A7270821159271030010E7D2 /* UserCell.xib in Resources */ = {isa = PBXBuildFile; fileRef = A7270820159271030010E7D2 /* UserCell.xib */; };
		A72708231592D5B60010E7D2 /* bluePlusSign.jpeg in Resources */ = {isa = PBXBuildFile; fileRef = A72708221592D5B60010E7D2 /* bluePlusSign.jpeg */; };
		A72708251593F25D0010E7D2 /* green-checkmark.png in Resources */ = {isa = PBXBuildFile; fileRef = A72708241593F25D0010E7D2 /* green-checkmark.png */; };
		A7270C7E16A1FE0400268B0E /* community@2x.png in Resources */ = {isa = PBXBuildFile; fileRef = A7270C7D16A1FE0400268B0E /* community@2x.png */; };
		A7270C8016A1FE3700268B0E /* community.png in Resources */ = {isa = PBXBuildFile; fileRef = A7270C7F16A1FE3700268B0E /* community.png */; };
		A7270C8B16A2030E00268B0E /* profile@2x.png in Resources */ = {isa = PBXBuildFile; fileRef = A7270C8116A2030E00268B0E /* profile@2x.png */; };
		A7270C8C16A2030E00268B0E /* refresh.png in Resources */ = {isa = PBXBuildFile; fileRef = A7270C8216A2030E00268B0E /* refresh.png */; };
		A7270C8D16A2030E00268B0E /* refresh@2x.png in Resources */ = {isa = PBXBuildFile; fileRef = A7270C8316A2030E00268B0E /* refresh@2x.png */; };
		A7270C8E16A2030E00268B0E /* find.png in Resources */ = {isa = PBXBuildFile; fileRef = A7270C8416A2030E00268B0E /* find.png */; };
		A7270C8F16A2030E00268B0E /* find@2x.png in Resources */ = {isa = PBXBuildFile; fileRef = A7270C8516A2030E00268B0E /* find@2x.png */; };
		A7270C9016A2030E00268B0E /* me.png in Resources */ = {isa = PBXBuildFile; fileRef = A7270C8616A2030E00268B0E /* me.png */; };
		A7270C9116A2030E00268B0E /* me@2x.png in Resources */ = {isa = PBXBuildFile; fileRef = A7270C8716A2030E00268B0E /* me@2x.png */; };
		A7270C9216A2030E00268B0E /* new.png in Resources */ = {isa = PBXBuildFile; fileRef = A7270C8816A2030E00268B0E /* new.png */; };
		A7270C9316A2030E00268B0E /* new@2x.png in Resources */ = {isa = PBXBuildFile; fileRef = A7270C8916A2030E00268B0E /* new@2x.png */; };
		A7270C9416A2030E00268B0E /* profile.png in Resources */ = {isa = PBXBuildFile; fileRef = A7270C8A16A2030E00268B0E /* profile.png */; };
		A733F7A517227508003D320F /* Icon (1).png in Resources */ = {isa = PBXBuildFile; fileRef = A733F7A417227508003D320F /* Icon (1).png */; };
		A736D045152BBA620049AB22 /* UIKit.framework in Frameworks */ = {isa = PBXBuildFile; fileRef = A736D044152BBA620049AB22 /* UIKit.framework */; };
		A736D047152BBA620049AB22 /* Foundation.framework in Frameworks */ = {isa = PBXBuildFile; fileRef = A736D046152BBA620049AB22 /* Foundation.framework */; };
		A736D04F152BBA620049AB22 /* InfoPlist.strings in Resources */ = {isa = PBXBuildFile; fileRef = A736D04D152BBA620049AB22 /* InfoPlist.strings */; };
		A736D051152BBA620049AB22 /* main.m in Sources */ = {isa = PBXBuildFile; fileRef = A736D050152BBA620049AB22 /* main.m */; };
		A736D055152BBA620049AB22 /* BIDAppDelegate.m in Sources */ = {isa = PBXBuildFile; fileRef = A736D054152BBA620049AB22 /* BIDAppDelegate.m */; };
		A736D058152BBA620049AB22 /* MainStoryboard.storyboard in Resources */ = {isa = PBXBuildFile; fileRef = A736D056152BBA620049AB22 /* MainStoryboard.storyboard */; };
		A736D05D152BBA620049AB22 /* first.png in Resources */ = {isa = PBXBuildFile; fileRef = A736D05C152BBA620049AB22 /* first.png */; };
		A736D05F152BBA620049AB22 /* first@2x.png in Resources */ = {isa = PBXBuildFile; fileRef = A736D05E152BBA620049AB22 /* first@2x.png */; };
		A736D064152BBA620049AB22 /* second.png in Resources */ = {isa = PBXBuildFile; fileRef = A736D063152BBA620049AB22 /* second.png */; };
		A736D066152BBA620049AB22 /* second@2x.png in Resources */ = {isa = PBXBuildFile; fileRef = A736D065152BBA620049AB22 /* second@2x.png */; };
		A736D06E152BBD670049AB22 /* Community.m in Sources */ = {isa = PBXBuildFile; fileRef = A736D06D152BBD670049AB22 /* Community.m */; };
		A736D071152BBD7B0049AB22 /* Me.m in Sources */ = {isa = PBXBuildFile; fileRef = A736D070152BBD7B0049AB22 /* Me.m */; };
		A736D077152BFE8A0049AB22 /* Conversation.m in Sources */ = {isa = PBXBuildFile; fileRef = A736D076152BFE8A0049AB22 /* Conversation.m */; };
		A736D07A1533859C0049AB22 /* composeConversation.m in Sources */ = {isa = PBXBuildFile; fileRef = A736D0791533859B0049AB22 /* composeConversation.m */; };
		A7421D4E168672630023211D /* editProfileModal.m in Sources */ = {isa = PBXBuildFile; fileRef = A7421D4D168672630023211D /* editProfileModal.m */; };
		A7486A0115E2D4C9004E770D /* PendingRequestCell.m in Sources */ = {isa = PBXBuildFile; fileRef = A7486A0015E2D4C9004E770D /* PendingRequestCell.m */; };
		A7486A0315E2D537004E770D /* PendingRequestCell.xib in Resources */ = {isa = PBXBuildFile; fileRef = A7486A0215E2D537004E770D /* PendingRequestCell.xib */; };
		A7486A0515E34F0F004E770D /* question-mark.gif in Resources */ = {isa = PBXBuildFile; fileRef = A7486A0415E34F0F004E770D /* question-mark.gif */; };
		A75254C3171BEB890068F4DC /* austinlove.png in Resources */ = {isa = PBXBuildFile; fileRef = A75254C2171BEB890068F4DC /* austinlove.png */; };
		A75254C5171E59EA0068F4DC /* default@2x.png in Resources */ = {isa = PBXBuildFile; fileRef = A75254C4171E59EA0068F4DC /* default@2x.png */; };
		A75254C7171E59F40068F4DC /* default-568@2x.png in Resources */ = {isa = PBXBuildFile; fileRef = A75254C6171E59F40068F4DC /* default-568@2x.png */; };
		A75403AB16F51D2900402780 /* ResetPassword.m in Sources */ = {isa = PBXBuildFile; fileRef = A75403AA16F51D2900402780 /* ResetPassword.m */; };
		A765BEB116976C0A00FB2DD6 /* mychats.png in Resources */ = {isa = PBXBuildFile; fileRef = A765BEAF16976C0A00FB2DD6 /* mychats.png */; };
		A765BEB6169770B200FB2DD6 /* bg_4.png in Resources */ = {isa = PBXBuildFile; fileRef = A765BEB5169770B200FB2DD6 /* bg_4.png */; };
		A765BEC416977B2D00FB2DD6 /* Icon@2x.png in Resources */ = {isa = PBXBuildFile; fileRef = A765BEC316977B2D00FB2DD6 /* Icon@2x.png */; };
		A765BEC716977C9300FB2DD6 /* Icon@2x (1).png in Resources */ = {isa = PBXBuildFile; fileRef = A765BEC516977C9300FB2DD6 /* Icon@2x (1).png */; };
		A765BEC816977C9300FB2DD6 /* Icon (1).png in Resources */ = {isa = PBXBuildFile; fileRef = A765BEC616977C9300FB2DD6 /* Icon (1).png */; };
		A765BECA16977CB500FB2DD6 /* Icon@2x (1).png in Resources */ = {isa = PBXBuildFile; fileRef = A765BEC916977CB500FB2DD6 /* Icon@2x (1).png */; };
		A765BF1B1699444300FB2DD6 /* Messages.xcdatamodeld in Sources */ = {isa = PBXBuildFile; fileRef = A765BF191699444200FB2DD6 /* Messages.xcdatamodeld */; };
		A765BF1D1699484400FB2DD6 /* CoreData.framework in Frameworks */ = {isa = PBXBuildFile; fileRef = A765BF1C1699484400FB2DD6 /* CoreData.framework */; };
		A768946B16B6688B0083507A /* Accounts.framework in Frameworks */ = {isa = PBXBuildFile; fileRef = A768946916B6688B0083507A /* Accounts.framework */; settings = {ATTRIBUTES = (Required, ); }; };
		A768946C16B6688B0083507A /* AdSupport.framework in Frameworks */ = {isa = PBXBuildFile; fileRef = A768946A16B6688B0083507A /* AdSupport.framework */; settings = {ATTRIBUTES = (Required, ); }; };
		A768946E16B668A20083507A /* Social.framework in Frameworks */ = {isa = PBXBuildFile; fileRef = A768946D16B668A20083507A /* Social.framework */; settings = {ATTRIBUTES = (Required, ); }; };
		A768947016B7B0BB0083507A /* FacebookSDK.framework in Frameworks */ = {isa = PBXBuildFile; fileRef = A768946F16B7B0BB0083507A /* FacebookSDK.framework */; };
		A768947216B7B1140083507A /* FacebookSDKResources.bundle in Resources */ = {isa = PBXBuildFile; fileRef = A768947116B7B1140083507A /* FacebookSDKResources.bundle */; };
		A768947416B7B1210083507A /* FBUserSettingsViewResources.bundle in Resources */ = {isa = PBXBuildFile; fileRef = A768947316B7B1210083507A /* FBUserSettingsViewResources.bundle */; };
		A768947616B7B58F0083507A /* CoreGraphics.framework in Frameworks */ = {isa = PBXBuildFile; fileRef = A768947516B7B58F0083507A /* CoreGraphics.framework */; };
		A768947A16B7BB970083507A /* facebookFriendList.m in Sources */ = {isa = PBXBuildFile; fileRef = A768947816B7BB970083507A /* facebookFriendList.m */; };
		A76DDED0158537C100F8D65D /* AFHTTPClient.m in Sources */ = {isa = PBXBuildFile; fileRef = A76DDEBC158537C100F8D65D /* AFHTTPClient.m */; settings = {COMPILER_FLAGS = "-fno-objc-arc"; }; };
		A76DDED1158537C100F8D65D /* AFHTTPRequestOperation.m in Sources */ = {isa = PBXBuildFile; fileRef = A76DDEBE158537C100F8D65D /* AFHTTPRequestOperation.m */; settings = {COMPILER_FLAGS = "-fno-objc-arc"; }; };
		A76DDED2158537C100F8D65D /* AFImageRequestOperation.m in Sources */ = {isa = PBXBuildFile; fileRef = A76DDEC0158537C100F8D65D /* AFImageRequestOperation.m */; settings = {COMPILER_FLAGS = "-fno-objc-arc"; }; };
		A76DDED3158537C100F8D65D /* AFJSONRequestOperation.m in Sources */ = {isa = PBXBuildFile; fileRef = A76DDEC2158537C100F8D65D /* AFJSONRequestOperation.m */; settings = {COMPILER_FLAGS = "-fno-objc-arc"; }; };
		A76DDED4158537C100F8D65D /* AFJSONUtilities.m in Sources */ = {isa = PBXBuildFile; fileRef = A76DDEC4158537C100F8D65D /* AFJSONUtilities.m */; settings = {COMPILER_FLAGS = "-fno-objc-arc"; }; };
		A76DDED5158537C100F8D65D /* AFNetworkActivityIndicatorManager.m in Sources */ = {isa = PBXBuildFile; fileRef = A76DDEC6158537C100F8D65D /* AFNetworkActivityIndicatorManager.m */; settings = {COMPILER_FLAGS = "-fno-objc-arc"; }; };
		A76DDED6158537C100F8D65D /* AFPropertyListRequestOperation.m in Sources */ = {isa = PBXBuildFile; fileRef = A76DDEC9158537C100F8D65D /* AFPropertyListRequestOperation.m */; settings = {COMPILER_FLAGS = "-fno-objc-arc"; }; };
		A76DDED7158537C100F8D65D /* AFURLConnectionOperation.m in Sources */ = {isa = PBXBuildFile; fileRef = A76DDECB158537C100F8D65D /* AFURLConnectionOperation.m */; settings = {COMPILER_FLAGS = "-fno-objc-arc"; }; };
		A76DDED8158537C100F8D65D /* AFXMLRequestOperation.m in Sources */ = {isa = PBXBuildFile; fileRef = A76DDECD158537C100F8D65D /* AFXMLRequestOperation.m */; settings = {COMPILER_FLAGS = "-fno-objc-arc"; }; };
		A76DDED9158537C100F8D65D /* UIImageView+AFNetworking.m in Sources */ = {isa = PBXBuildFile; fileRef = A76DDECF158537C100F8D65D /* UIImageView+AFNetworking.m */; settings = {COMPILER_FLAGS = "-fno-objc-arc"; }; };
		A778622B167DBC410016290A /* autoCompleteEngine.m in Sources */ = {isa = PBXBuildFile; fileRef = A778622A167DBC410016290A /* autoCompleteEngine.m */; };
		A778622F167DBE700016290A /* autoCompleteCell.m in Sources */ = {isa = PBXBuildFile; fileRef = A778622E167DBE700016290A /* autoCompleteCell.m */; };
		A7786231167DBE9A0016290A /* autoComplete.xib in Resources */ = {isa = PBXBuildFile; fileRef = A7786230167DBE9A0016290A /* autoComplete.xib */; };
		A7786237167E5A3C0016290A /* 14643521-thumb-up-icon.jpg in Resources */ = {isa = PBXBuildFile; fileRef = A7786236167E5A3C0016290A /* 14643521-thumb-up-icon.jpg */; };
		A78AF92016D0900F000E5021 /* libTestFlight.a in Frameworks */ = {isa = PBXBuildFile; fileRef = A78AF91C16D0900F000E5021 /* libTestFlight.a */; };
		A78AF92116D0900F000E5021 /* README.md in Resources */ = {isa = PBXBuildFile; fileRef = A78AF91D16D0900F000E5021 /* README.md */; };
		A78AF92216D0900F000E5021 /* release_notes.md in Resources */ = {isa = PBXBuildFile; fileRef = A78AF91E16D0900F000E5021 /* release_notes.md */; };
		A78AF92516D090C7000E5021 /* libz.dylib in Frameworks */ = {isa = PBXBuildFile; fileRef = A78AF92416D090C7000E5021 /* libz.dylib */; };
		A7954A5915911D63008C0E69 /* JasonTerry.xib in Resources */ = {isa = PBXBuildFile; fileRef = A7954A5815911D63008C0E69 /* JasonTerry.xib */; };
		A7954A5C15911E35008C0E69 /* jasonT.jpeg in Resources */ = {isa = PBXBuildFile; fileRef = A7954A5B15911E35008C0E69 /* jasonT.jpeg */; };
		A7B35B3D1598C47900330B11 /* Registered3.m in Sources */ = {isa = PBXBuildFile; fileRef = A7B35B3C1598C47900330B11 /* Registered3.m */; };
		A7B35B48159A640F00330B11 /* OnMyWay.jpg in Resources */ = {isa = PBXBuildFile; fileRef = A7B35B47159A640F00330B11 /* OnMyWay.jpg */; };
		A7BBBFD5158858CD00015173 /* Security.framework in Frameworks */ = {isa = PBXBuildFile; fileRef = A7BBBFD4158858CD00015173 /* Security.framework */; };
		A7BBBFD9158859FA00015173 /* KeychainItemWrapper.m in Sources */ = {isa = PBXBuildFile; fileRef = A7BBBFD8158859FA00015173 /* KeychainItemWrapper.m */; };
		A7BF80F715E40622005E53AC /* FollowingUser.m in Sources */ = {isa = PBXBuildFile; fileRef = A7BF80F615E40622005E53AC /* FollowingUser.m */; };
		A7BF80FA15E4063A005E53AC /* FollowingUser.xib in Resources */ = {isa = PBXBuildFile; fileRef = A7BF80F915E4063A005E53AC /* FollowingUser.xib */; };
		A7BF80FC15E441C5005E53AC /* delete-icon_tiny.png in Resources */ = {isa = PBXBuildFile; fileRef = A7BF80FB15E441C5005E53AC /* delete-icon_tiny.png */; };
		A7C6F3D8169EE78D0009636A /* Message.m in Sources */ = {isa = PBXBuildFile; fileRef = A7C6F3D7169EE78D0009636A /* Message.m */; };
		A7E5997F153614D8009633DC /* Login.m in Sources */ = {isa = PBXBuildFile; fileRef = A7E5997E153614D8009633DC /* Login.m */; };
		A7E5998515362CBC009633DC /* Registered.m in Sources */ = {isa = PBXBuildFile; fileRef = A7E5998415362CBC009633DC /* Registered.m */; };
		A7E5998E153A5E13009633DC /* Profile.m in Sources */ = {isa = PBXBuildFile; fileRef = A7E5998D153A5E13009633DC /* Profile.m */; };
		A7E7FB76166B0ED600BC29CB /* approved.png in Resources */ = {isa = PBXBuildFile; fileRef = A7E7FB75166B0ED600BC29CB /* approved.png */; };
		A7E7FB79166B0F8600BC29CB /* PENDING_Stamp1.png in Resources */ = {isa = PBXBuildFile; fileRef = A7E7FB78166B0F8600BC29CB /* PENDING_Stamp1.png */; };
		A7E7FB7F166B165700BC29CB /* whyYouNoFollow.png in Resources */ = {isa = PBXBuildFile; fileRef = A7E7FB7E166B165700BC29CB /* whyYouNoFollow.png */; };
		A7F5DE5C16F851F8003B8EBC /* Default@2x.png in Resources */ = {isa = PBXBuildFile; fileRef = A7F5DE5B16F851F8003B8EBC /* Default@2x.png */; };
		A7F61BD916A2116800F51B04 /* tabbar.png in Resources */ = {isa = PBXBuildFile; fileRef = A7F61BD716A2116800F51B04 /* tabbar.png */; };
		A7F61BDA16A2116800F51B04 /* tabbar@2x.png in Resources */ = {isa = PBXBuildFile; fileRef = A7F61BD816A2116800F51B04 /* tabbar@2x.png */; };
		A7F61BE516A21C0700F51B04 /* pending.png in Resources */ = {isa = PBXBuildFile; fileRef = A7F61BE316A21C0700F51B04 /* pending.png */; };
		A7F61BE616A21C0700F51B04 /* pending@2x.png in Resources */ = {isa = PBXBuildFile; fileRef = A7F61BE416A21C0700F51B04 /* pending@2x.png */; };
		A7FE1632158A939200AB5876 /* UIButtonBarRefresh.jpg in Resources */ = {isa = PBXBuildFile; fileRef = A7FE1631158A939200AB5876 /* UIButtonBarRefresh.jpg */; };
		A7FE1636158ED00B00AB5876 /* dirk_nowitzki_027.jpg in Resources */ = {isa = PBXBuildFile; fileRef = A7FE1635158ED00A00AB5876 /* dirk_nowitzki_027.jpg */; };
		A7FE1639158F154700AB5876 /* composeMessageOnly.m in Sources */ = {isa = PBXBuildFile; fileRef = A7FE1638158F154600AB5876 /* composeMessageOnly.m */; };
/* End PBXBuildFile section */

/* Begin PBXFileReference section */
		0807A9B815424A3800B72B3E /* MessageCell.h */ = {isa = PBXFileReference; fileEncoding = 4; lastKnownFileType = sourcecode.c.h; path = MessageCell.h; sourceTree = "<group>"; };
		0807A9B915424A3800B72B3E /* MessageCell.m */ = {isa = PBXFileReference; fileEncoding = 4; lastKnownFileType = sourcecode.c.objc; path = MessageCell.m; sourceTree = "<group>"; };
		0807A9C315435D0E00B72B3E /* AllCell.h */ = {isa = PBXFileReference; fileEncoding = 4; lastKnownFileType = sourcecode.c.h; path = AllCell.h; sourceTree = "<group>"; };
		0807A9C415435D0E00B72B3E /* AllCell.m */ = {isa = PBXFileReference; fileEncoding = 4; lastKnownFileType = sourcecode.c.objc; path = AllCell.m; sourceTree = "<group>"; };
		0807A9D115437C3300B72B3E /* SearchCell.h */ = {isa = PBXFileReference; fileEncoding = 4; lastKnownFileType = sourcecode.c.h; path = SearchCell.h; sourceTree = "<group>"; };
		0807A9D215437C3400B72B3E /* SearchCell.m */ = {isa = PBXFileReference; fileEncoding = 4; lastKnownFileType = sourcecode.c.objc; path = SearchCell.m; sourceTree = "<group>"; };
		083A8B27154210E90078989E /* ConversationCell.h */ = {isa = PBXFileReference; fileEncoding = 4; lastKnownFileType = sourcecode.c.h; path = ConversationCell.h; sourceTree = "<group>"; };
		083A8B28154210E90078989E /* ConversationCell.m */ = {isa = PBXFileReference; fileEncoding = 4; lastKnownFileType = sourcecode.c.objc; path = ConversationCell.m; sourceTree = "<group>"; };
		08D612CB156D7BF100F33490 /* profileCustomCell.xib */ = {isa = PBXFileReference; fileEncoding = 4; lastKnownFileType = file.xib; path = profileCustomCell.xib; sourceTree = "<group>"; };
		08D612CD156D7CEF00F33490 /* profileCustomCell.h */ = {isa = PBXFileReference; fileEncoding = 4; lastKnownFileType = sourcecode.c.h; path = profileCustomCell.h; sourceTree = "<group>"; };
		08D612CE156D7CEF00F33490 /* profileCustomCell.m */ = {isa = PBXFileReference; fileEncoding = 4; lastKnownFileType = sourcecode.c.objc; path = profileCustomCell.m; sourceTree = "<group>"; };
		08D612D2156D84D300F33490 /* CustomMessageCell.xib */ = {isa = PBXFileReference; fileEncoding = 4; lastKnownFileType = file.xib; name = CustomMessageCell.xib; path = ../CustomMessageCell.xib; sourceTree = "<group>"; };
		08D612D4156D864E00F33490 /* CustomMessageCell.h */ = {isa = PBXFileReference; fileEncoding = 4; lastKnownFileType = sourcecode.c.h; path = CustomMessageCell.h; sourceTree = "<group>"; };
		08D612D5156D864E00F33490 /* CustomMessageCell.m */ = {isa = PBXFileReference; fileEncoding = 4; lastKnownFileType = sourcecode.c.objc; path = CustomMessageCell.m; sourceTree = "<group>"; };
		A70B6DB616D96397007D0CCF /* add.png */ = {isa = PBXFileReference; lastKnownFileType = image.png; path = add.png; sourceTree = "<group>"; };
		A70B6DB716D96397007D0CCF /* add@2x.png */ = {isa = PBXFileReference; lastKnownFileType = image.png; path = "add@2x.png"; sourceTree = "<group>"; };
		A70B6DC216D96A5A007D0CCF /* friends.png */ = {isa = PBXFileReference; lastKnownFileType = image.png; path = friends.png; sourceTree = "<group>"; };
		A70B6DC316D96A5A007D0CCF /* friends@2x.png */ = {isa = PBXFileReference; lastKnownFileType = image.png; path = "friends@2x.png"; sourceTree = "<group>"; };
		A70B6DC616D96BB7007D0CCF /* unfollow.png */ = {isa = PBXFileReference; lastKnownFileType = image.png; path = unfollow.png; sourceTree = "<group>"; };
		A70B6DC716D96BB7007D0CCF /* unfollow@2x.png */ = {isa = PBXFileReference; lastKnownFileType = image.png; path = "unfollow@2x.png"; sourceTree = "<group>"; };
		A70B6DCA16D972D6007D0CCF /* likedMe.png */ = {isa = PBXFileReference; lastKnownFileType = image.png; path = likedMe.png; sourceTree = "<group>"; };
		A70B6DCB16D972D6007D0CCF /* likedMe@2x.png */ = {isa = PBXFileReference; lastKnownFileType = image.png; path = "likedMe@2x.png"; sourceTree = "<group>"; };
		A70B6DCC16D972D6007D0CCF /* likeMe.png */ = {isa = PBXFileReference; lastKnownFileType = image.png; path = likeMe.png; sourceTree = "<group>"; };
		A70B6DCD16D972D6007D0CCF /* likeMe@2x.png */ = {isa = PBXFileReference; lastKnownFileType = image.png; path = "likeMe@2x.png"; sourceTree = "<group>"; };
		A71D842616392C5100F45755 /* ConversationMe.h */ = {isa = PBXFileReference; fileEncoding = 4; lastKnownFileType = sourcecode.c.h; path = ConversationMe.h; sourceTree = "<group>"; };
		A71D842716392C5100F45755 /* ConversationMe.m */ = {isa = PBXFileReference; fileEncoding = 4; lastKnownFileType = sourcecode.c.objc; path = ConversationMe.m; sourceTree = "<group>"; };
		A72129681589D13300AC5EF9 /* AFChattyAPIClient.h */ = {isa = PBXFileReference; fileEncoding = 4; lastKnownFileType = sourcecode.c.h; path = AFChattyAPIClient.h; sourceTree = "<group>"; };
		A72129691589D13300AC5EF9 /* AFChattyAPIClient.m */ = {isa = PBXFileReference; fileEncoding = 4; lastKnownFileType = sourcecode.c.objc; path = AFChattyAPIClient.m; sourceTree = "<group>"; };
		A727081915926CF30010E7D2 /* SearchFriends.h */ = {isa = PBXFileReference; fileEncoding = 4; lastKnownFileType = sourcecode.c.h; path = SearchFriends.h; sourceTree = "<group>"; };
		A727081A15926CF30010E7D2 /* SearchFriends.m */ = {isa = PBXFileReference; fileEncoding = 4; lastKnownFileType = sourcecode.c.objc; path = SearchFriends.m; sourceTree = "<group>"; };
		A727081D1592705B0010E7D2 /* UserCell.h */ = {isa = PBXFileReference; fileEncoding = 4; lastKnownFileType = sourcecode.c.h; path = UserCell.h; sourceTree = "<group>"; };
		A727081E1592705B0010E7D2 /* UserCell.m */ = {isa = PBXFileReference; fileEncoding = 4; lastKnownFileType = sourcecode.c.objc; path = UserCell.m; sourceTree = "<group>"; };
		A7270820159271030010E7D2 /* UserCell.xib */ = {isa = PBXFileReference; fileEncoding = 4; lastKnownFileType = file.xib; path = UserCell.xib; sourceTree = "<group>"; };
		A72708221592D5B60010E7D2 /* bluePlusSign.jpeg */ = {isa = PBXFileReference; lastKnownFileType = image.jpeg; path = bluePlusSign.jpeg; sourceTree = "<group>"; };
		A72708241593F25D0010E7D2 /* green-checkmark.png */ = {isa = PBXFileReference; lastKnownFileType = image.png; path = "green-checkmark.png"; sourceTree = "<group>"; };
		A7270C7D16A1FE0400268B0E /* community@2x.png */ = {isa = PBXFileReference; lastKnownFileType = image.png; path = "community@2x.png"; sourceTree = "<group>"; };
		A7270C7F16A1FE3700268B0E /* community.png */ = {isa = PBXFileReference; lastKnownFileType = image.png; path = community.png; sourceTree = "<group>"; };
		A7270C8116A2030E00268B0E /* profile@2x.png */ = {isa = PBXFileReference; lastKnownFileType = image.png; path = "profile@2x.png"; sourceTree = "<group>"; };
		A7270C8216A2030E00268B0E /* refresh.png */ = {isa = PBXFileReference; lastKnownFileType = image.png; path = refresh.png; sourceTree = "<group>"; };
		A7270C8316A2030E00268B0E /* refresh@2x.png */ = {isa = PBXFileReference; lastKnownFileType = image.png; path = "refresh@2x.png"; sourceTree = "<group>"; };
		A7270C8416A2030E00268B0E /* find.png */ = {isa = PBXFileReference; lastKnownFileType = image.png; path = find.png; sourceTree = "<group>"; };
		A7270C8516A2030E00268B0E /* find@2x.png */ = {isa = PBXFileReference; lastKnownFileType = image.png; path = "find@2x.png"; sourceTree = "<group>"; };
		A7270C8616A2030E00268B0E /* me.png */ = {isa = PBXFileReference; lastKnownFileType = image.png; path = me.png; sourceTree = "<group>"; };
		A7270C8716A2030E00268B0E /* me@2x.png */ = {isa = PBXFileReference; lastKnownFileType = image.png; path = "me@2x.png"; sourceTree = "<group>"; };
		A7270C8816A2030E00268B0E /* new.png */ = {isa = PBXFileReference; lastKnownFileType = image.png; path = new.png; sourceTree = "<group>"; };
		A7270C8916A2030E00268B0E /* new@2x.png */ = {isa = PBXFileReference; lastKnownFileType = image.png; path = "new@2x.png"; sourceTree = "<group>"; };
		A7270C8A16A2030E00268B0E /* profile.png */ = {isa = PBXFileReference; lastKnownFileType = image.png; path = profile.png; sourceTree = "<group>"; };
		A733F7A417227508003D320F /* Icon (1).png */ = {isa = PBXFileReference; lastKnownFileType = image.png; path = "Icon (1).png"; sourceTree = "<group>"; };
		A736D040152BBA620049AB22 /* Chatty.app */ = {isa = PBXFileReference; explicitFileType = wrapper.application; includeInIndex = 0; path = Chatty.app; sourceTree = BUILT_PRODUCTS_DIR; };
		A736D044152BBA620049AB22 /* UIKit.framework */ = {isa = PBXFileReference; lastKnownFileType = wrapper.framework; name = UIKit.framework; path = System/Library/Frameworks/UIKit.framework; sourceTree = SDKROOT; };
		A736D046152BBA620049AB22 /* Foundation.framework */ = {isa = PBXFileReference; lastKnownFileType = wrapper.framework; name = Foundation.framework; path = System/Library/Frameworks/Foundation.framework; sourceTree = SDKROOT; };
		A736D04C152BBA620049AB22 /* Chatty-Info.plist */ = {isa = PBXFileReference; lastKnownFileType = text.plist.xml; path = "Chatty-Info.plist"; sourceTree = "<group>"; };
		A736D04E152BBA620049AB22 /* en */ = {isa = PBXFileReference; lastKnownFileType = text.plist.strings; name = en; path = en.lproj/InfoPlist.strings; sourceTree = "<group>"; };
		A736D050152BBA620049AB22 /* main.m */ = {isa = PBXFileReference; lastKnownFileType = sourcecode.c.objc; path = main.m; sourceTree = "<group>"; };
		A736D052152BBA620049AB22 /* Chatty-Prefix.pch */ = {isa = PBXFileReference; lastKnownFileType = sourcecode.c.h; path = "Chatty-Prefix.pch"; sourceTree = "<group>"; };
		A736D053152BBA620049AB22 /* BIDAppDelegate.h */ = {isa = PBXFileReference; lastKnownFileType = sourcecode.c.h; path = BIDAppDelegate.h; sourceTree = "<group>"; };
		A736D054152BBA620049AB22 /* BIDAppDelegate.m */ = {isa = PBXFileReference; lastKnownFileType = sourcecode.c.objc; path = BIDAppDelegate.m; sourceTree = "<group>"; };
		A736D057152BBA620049AB22 /* en */ = {isa = PBXFileReference; lastKnownFileType = file.storyboard; name = en; path = en.lproj/MainStoryboard.storyboard; sourceTree = "<group>"; };
		A736D05C152BBA620049AB22 /* first.png */ = {isa = PBXFileReference; lastKnownFileType = image.png; path = first.png; sourceTree = "<group>"; };
		A736D05E152BBA620049AB22 /* first@2x.png */ = {isa = PBXFileReference; lastKnownFileType = image.png; path = "first@2x.png"; sourceTree = "<group>"; };
		A736D063152BBA620049AB22 /* second.png */ = {isa = PBXFileReference; lastKnownFileType = image.png; path = second.png; sourceTree = "<group>"; };
		A736D065152BBA620049AB22 /* second@2x.png */ = {isa = PBXFileReference; lastKnownFileType = image.png; path = "second@2x.png"; sourceTree = "<group>"; };
		A736D06C152BBD670049AB22 /* Community.h */ = {isa = PBXFileReference; fileEncoding = 4; lastKnownFileType = sourcecode.c.h; path = Community.h; sourceTree = "<group>"; };
		A736D06D152BBD670049AB22 /* Community.m */ = {isa = PBXFileReference; fileEncoding = 4; lastKnownFileType = sourcecode.c.objc; path = Community.m; sourceTree = "<group>"; };
		A736D06F152BBD7B0049AB22 /* Me.h */ = {isa = PBXFileReference; fileEncoding = 4; lastKnownFileType = sourcecode.c.h; path = Me.h; sourceTree = "<group>"; };
		A736D070152BBD7B0049AB22 /* Me.m */ = {isa = PBXFileReference; fileEncoding = 4; lastKnownFileType = sourcecode.c.objc; path = Me.m; sourceTree = "<group>"; };
		A736D075152BFE8A0049AB22 /* Conversation.h */ = {isa = PBXFileReference; fileEncoding = 4; lastKnownFileType = sourcecode.c.h; path = Conversation.h; sourceTree = "<group>"; };
		A736D076152BFE8A0049AB22 /* Conversation.m */ = {isa = PBXFileReference; fileEncoding = 4; lastKnownFileType = sourcecode.c.objc; path = Conversation.m; sourceTree = "<group>"; };
		A736D0781533859B0049AB22 /* composeConversation.h */ = {isa = PBXFileReference; fileEncoding = 4; lastKnownFileType = sourcecode.c.h; path = composeConversation.h; sourceTree = "<group>"; };
		A736D0791533859B0049AB22 /* composeConversation.m */ = {isa = PBXFileReference; fileEncoding = 4; lastKnownFileType = sourcecode.c.objc; path = composeConversation.m; sourceTree = "<group>"; };
		A7421D4C168672630023211D /* editProfileModal.h */ = {isa = PBXFileReference; fileEncoding = 4; lastKnownFileType = sourcecode.c.h; path = editProfileModal.h; sourceTree = "<group>"; };
		A7421D4D168672630023211D /* editProfileModal.m */ = {isa = PBXFileReference; fileEncoding = 4; lastKnownFileType = sourcecode.c.objc; path = editProfileModal.m; sourceTree = "<group>"; };
		A74869FF15E2D4C8004E770D /* PendingRequestCell.h */ = {isa = PBXFileReference; fileEncoding = 4; lastKnownFileType = sourcecode.c.h; path = PendingRequestCell.h; sourceTree = "<group>"; };
		A7486A0015E2D4C9004E770D /* PendingRequestCell.m */ = {isa = PBXFileReference; fileEncoding = 4; lastKnownFileType = sourcecode.c.objc; path = PendingRequestCell.m; sourceTree = "<group>"; };
		A7486A0215E2D537004E770D /* PendingRequestCell.xib */ = {isa = PBXFileReference; fileEncoding = 4; lastKnownFileType = file.xib; path = PendingRequestCell.xib; sourceTree = "<group>"; };
		A7486A0415E34F0F004E770D /* question-mark.gif */ = {isa = PBXFileReference; lastKnownFileType = image.gif; path = "question-mark.gif"; sourceTree = "<group>"; };
		A75254C2171BEB890068F4DC /* austinlove.png */ = {isa = PBXFileReference; lastKnownFileType = image.png; path = austinlove.png; sourceTree = "<group>"; };
		A75254C4171E59EA0068F4DC /* default@2x.png */ = {isa = PBXFileReference; lastKnownFileType = image.png; path = "default@2x.png"; sourceTree = "<group>"; };
		A75254C6171E59F40068F4DC /* default-568@2x.png */ = {isa = PBXFileReference; lastKnownFileType = image.png; path = "default-568@2x.png"; sourceTree = "<group>"; };
		A75254C8171E5B490068F4DC /* Default.png */ = {isa = PBXFileReference; lastKnownFileType = image.png; path = Default.png; sourceTree = "<group>"; };
		A75403A916F51D2900402780 /* ResetPassword.h */ = {isa = PBXFileReference; fileEncoding = 4; lastKnownFileType = sourcecode.c.h; path = ResetPassword.h; sourceTree = "<group>"; };
		A75403AA16F51D2900402780 /* ResetPassword.m */ = {isa = PBXFileReference; fileEncoding = 4; lastKnownFileType = sourcecode.c.objc; path = ResetPassword.m; sourceTree = "<group>"; };
		A765BEAF16976C0A00FB2DD6 /* mychats.png */ = {isa = PBXFileReference; lastKnownFileType = image.png; path = mychats.png; sourceTree = "<group>"; };
		A765BEB5169770B200FB2DD6 /* bg_4.png */ = {isa = PBXFileReference; lastKnownFileType = image.png; path = bg_4.png; sourceTree = "<group>"; };
		A765BEC316977B2D00FB2DD6 /* Icon@2x.png */ = {isa = PBXFileReference; lastKnownFileType = image.png; path = "Icon@2x.png"; sourceTree = "<group>"; };
		A765BEC516977C9300FB2DD6 /* Icon@2x (1).png */ = {isa = PBXFileReference; lastKnownFileType = image.png; path = "Icon@2x (1).png"; sourceTree = "<group>"; };
		A765BEC616977C9300FB2DD6 /* Icon (1).png */ = {isa = PBXFileReference; lastKnownFileType = image.png; path = "Icon (1).png"; sourceTree = "<group>"; };
		A765BEC916977CB500FB2DD6 /* Icon@2x (1).png */ = {isa = PBXFileReference; lastKnownFileType = image.png; path = "Icon@2x (1).png"; sourceTree = "<group>"; };
		A765BF1A1699444300FB2DD6 /* Messages.xcdatamodel */ = {isa = PBXFileReference; lastKnownFileType = wrapper.xcdatamodel; path = Messages.xcdatamodel; sourceTree = "<group>"; };
		A765BF1C1699484400FB2DD6 /* CoreData.framework */ = {isa = PBXFileReference; lastKnownFileType = wrapper.framework; name = CoreData.framework; path = System/Library/Frameworks/CoreData.framework; sourceTree = SDKROOT; };
		A768946916B6688B0083507A /* Accounts.framework */ = {isa = PBXFileReference; lastKnownFileType = wrapper.framework; name = Accounts.framework; path = System/Library/Frameworks/Accounts.framework; sourceTree = SDKROOT; };
		A768946A16B6688B0083507A /* AdSupport.framework */ = {isa = PBXFileReference; lastKnownFileType = wrapper.framework; name = AdSupport.framework; path = System/Library/Frameworks/AdSupport.framework; sourceTree = SDKROOT; };
		A768946D16B668A20083507A /* Social.framework */ = {isa = PBXFileReference; lastKnownFileType = wrapper.framework; name = Social.framework; path = System/Library/Frameworks/Social.framework; sourceTree = SDKROOT; };
		A768946F16B7B0BB0083507A /* FacebookSDK.framework */ = {isa = PBXFileReference; lastKnownFileType = wrapper.framework; name = FacebookSDK.framework; path = ../../../Documents/FacebookSDK/FacebookSDK.framework; sourceTree = "<group>"; };
		A768947116B7B1140083507A /* FacebookSDKResources.bundle */ = {isa = PBXFileReference; lastKnownFileType = "wrapper.plug-in"; name = FacebookSDKResources.bundle; path = ../../../Documents/FacebookSDK/FacebookSDK.framework/Versions/A/Resources/FacebookSDKResources.bundle; sourceTree = "<group>"; };
		A768947316B7B1210083507A /* FBUserSettingsViewResources.bundle */ = {isa = PBXFileReference; lastKnownFileType = "wrapper.plug-in"; name = FBUserSettingsViewResources.bundle; path = ../../../Documents/FacebookSDK/FacebookSDK.framework/Versions/A/Resources/FBUserSettingsViewResources.bundle; sourceTree = "<group>"; };
		A768947516B7B58F0083507A /* CoreGraphics.framework */ = {isa = PBXFileReference; lastKnownFileType = wrapper.framework; name = CoreGraphics.framework; path = System/Library/Frameworks/CoreGraphics.framework; sourceTree = SDKROOT; };
		A768947716B7BB970083507A /* facebookFriendList.h */ = {isa = PBXFileReference; fileEncoding = 4; lastKnownFileType = sourcecode.c.h; path = facebookFriendList.h; sourceTree = "<group>"; };
		A768947816B7BB970083507A /* facebookFriendList.m */ = {isa = PBXFileReference; fileEncoding = 4; lastKnownFileType = sourcecode.c.objc; path = facebookFriendList.m; sourceTree = "<group>"; };
		A76DDEBB158537C100F8D65D /* AFHTTPClient.h */ = {isa = PBXFileReference; fileEncoding = 4; lastKnownFileType = sourcecode.c.h; path = AFHTTPClient.h; sourceTree = "<group>"; };
		A76DDEBC158537C100F8D65D /* AFHTTPClient.m */ = {isa = PBXFileReference; fileEncoding = 4; lastKnownFileType = sourcecode.c.objc; path = AFHTTPClient.m; sourceTree = "<group>"; };
		A76DDEBD158537C100F8D65D /* AFHTTPRequestOperation.h */ = {isa = PBXFileReference; fileEncoding = 4; lastKnownFileType = sourcecode.c.h; path = AFHTTPRequestOperation.h; sourceTree = "<group>"; };
		A76DDEBE158537C100F8D65D /* AFHTTPRequestOperation.m */ = {isa = PBXFileReference; fileEncoding = 4; lastKnownFileType = sourcecode.c.objc; path = AFHTTPRequestOperation.m; sourceTree = "<group>"; };
		A76DDEBF158537C100F8D65D /* AFImageRequestOperation.h */ = {isa = PBXFileReference; fileEncoding = 4; lastKnownFileType = sourcecode.c.h; path = AFImageRequestOperation.h; sourceTree = "<group>"; };
		A76DDEC0158537C100F8D65D /* AFImageRequestOperation.m */ = {isa = PBXFileReference; fileEncoding = 4; lastKnownFileType = sourcecode.c.objc; path = AFImageRequestOperation.m; sourceTree = "<group>"; };
		A76DDEC1158537C100F8D65D /* AFJSONRequestOperation.h */ = {isa = PBXFileReference; fileEncoding = 4; lastKnownFileType = sourcecode.c.h; path = AFJSONRequestOperation.h; sourceTree = "<group>"; };
		A76DDEC2158537C100F8D65D /* AFJSONRequestOperation.m */ = {isa = PBXFileReference; fileEncoding = 4; lastKnownFileType = sourcecode.c.objc; path = AFJSONRequestOperation.m; sourceTree = "<group>"; };
		A76DDEC3158537C100F8D65D /* AFJSONUtilities.h */ = {isa = PBXFileReference; fileEncoding = 4; lastKnownFileType = sourcecode.c.h; path = AFJSONUtilities.h; sourceTree = "<group>"; };
		A76DDEC4158537C100F8D65D /* AFJSONUtilities.m */ = {isa = PBXFileReference; fileEncoding = 4; lastKnownFileType = sourcecode.c.objc; path = AFJSONUtilities.m; sourceTree = "<group>"; };
		A76DDEC5158537C100F8D65D /* AFNetworkActivityIndicatorManager.h */ = {isa = PBXFileReference; fileEncoding = 4; lastKnownFileType = sourcecode.c.h; path = AFNetworkActivityIndicatorManager.h; sourceTree = "<group>"; };
		A76DDEC6158537C100F8D65D /* AFNetworkActivityIndicatorManager.m */ = {isa = PBXFileReference; fileEncoding = 4; lastKnownFileType = sourcecode.c.objc; path = AFNetworkActivityIndicatorManager.m; sourceTree = "<group>"; };
		A76DDEC7158537C100F8D65D /* AFNetworking.h */ = {isa = PBXFileReference; fileEncoding = 4; lastKnownFileType = sourcecode.c.h; path = AFNetworking.h; sourceTree = "<group>"; };
		A76DDEC8158537C100F8D65D /* AFPropertyListRequestOperation.h */ = {isa = PBXFileReference; fileEncoding = 4; lastKnownFileType = sourcecode.c.h; path = AFPropertyListRequestOperation.h; sourceTree = "<group>"; };
		A76DDEC9158537C100F8D65D /* AFPropertyListRequestOperation.m */ = {isa = PBXFileReference; fileEncoding = 4; lastKnownFileType = sourcecode.c.objc; path = AFPropertyListRequestOperation.m; sourceTree = "<group>"; };
		A76DDECA158537C100F8D65D /* AFURLConnectionOperation.h */ = {isa = PBXFileReference; fileEncoding = 4; lastKnownFileType = sourcecode.c.h; path = AFURLConnectionOperation.h; sourceTree = "<group>"; };
		A76DDECB158537C100F8D65D /* AFURLConnectionOperation.m */ = {isa = PBXFileReference; fileEncoding = 4; lastKnownFileType = sourcecode.c.objc; path = AFURLConnectionOperation.m; sourceTree = "<group>"; };
		A76DDECC158537C100F8D65D /* AFXMLRequestOperation.h */ = {isa = PBXFileReference; fileEncoding = 4; lastKnownFileType = sourcecode.c.h; path = AFXMLRequestOperation.h; sourceTree = "<group>"; };
		A76DDECD158537C100F8D65D /* AFXMLRequestOperation.m */ = {isa = PBXFileReference; fileEncoding = 4; lastKnownFileType = sourcecode.c.objc; path = AFXMLRequestOperation.m; sourceTree = "<group>"; };
		A76DDECE158537C100F8D65D /* UIImageView+AFNetworking.h */ = {isa = PBXFileReference; fileEncoding = 4; lastKnownFileType = sourcecode.c.h; path = "UIImageView+AFNetworking.h"; sourceTree = "<group>"; };
		A76DDECF158537C100F8D65D /* UIImageView+AFNetworking.m */ = {isa = PBXFileReference; fileEncoding = 4; lastKnownFileType = sourcecode.c.objc; path = "UIImageView+AFNetworking.m"; sourceTree = "<group>"; };
		A7786229167DBC410016290A /* autoCompleteEngine.h */ = {isa = PBXFileReference; fileEncoding = 4; lastKnownFileType = sourcecode.c.h; path = autoCompleteEngine.h; sourceTree = "<group>"; };
		A778622A167DBC410016290A /* autoCompleteEngine.m */ = {isa = PBXFileReference; fileEncoding = 4; lastKnownFileType = sourcecode.c.objc; path = autoCompleteEngine.m; sourceTree = "<group>"; };
		A778622D167DBE700016290A /* autoCompleteCell.h */ = {isa = PBXFileReference; fileEncoding = 4; lastKnownFileType = sourcecode.c.h; path = autoCompleteCell.h; sourceTree = "<group>"; };
		A778622E167DBE700016290A /* autoCompleteCell.m */ = {isa = PBXFileReference; fileEncoding = 4; lastKnownFileType = sourcecode.c.objc; path = autoCompleteCell.m; sourceTree = "<group>"; };
		A7786230167DBE9A0016290A /* autoComplete.xib */ = {isa = PBXFileReference; fileEncoding = 4; lastKnownFileType = file.xib; path = autoComplete.xib; sourceTree = "<group>"; };
		A7786236167E5A3C0016290A /* 14643521-thumb-up-icon.jpg */ = {isa = PBXFileReference; lastKnownFileType = image.jpeg; path = "14643521-thumb-up-icon.jpg"; sourceTree = "<group>"; };
		A78AF91C16D0900F000E5021 /* libTestFlight.a */ = {isa = PBXFileReference; lastKnownFileType = archive.ar; path = libTestFlight.a; sourceTree = "<group>"; };
		A78AF91D16D0900F000E5021 /* README.md */ = {isa = PBXFileReference; fileEncoding = 4; lastKnownFileType = text; path = README.md; sourceTree = "<group>"; };
		A78AF91E16D0900F000E5021 /* release_notes.md */ = {isa = PBXFileReference; fileEncoding = 4; lastKnownFileType = text; path = release_notes.md; sourceTree = "<group>"; };
		A78AF91F16D0900F000E5021 /* TestFlight.h */ = {isa = PBXFileReference; fileEncoding = 4; lastKnownFileType = sourcecode.c.h; path = TestFlight.h; sourceTree = "<group>"; };
		A78AF92416D090C7000E5021 /* libz.dylib */ = {isa = PBXFileReference; lastKnownFileType = "compiled.mach-o.dylib"; name = libz.dylib; path = usr/lib/libz.dylib; sourceTree = SDKROOT; };
		A7954A5815911D63008C0E69 /* JasonTerry.xib */ = {isa = PBXFileReference; fileEncoding = 4; lastKnownFileType = file.xib; path = JasonTerry.xib; sourceTree = "<group>"; };
		A7954A5B15911E35008C0E69 /* jasonT.jpeg */ = {isa = PBXFileReference; lastKnownFileType = image.jpeg; path = jasonT.jpeg; sourceTree = "<group>"; };
		A7B35B3B1598C47900330B11 /* Registered3.h */ = {isa = PBXFileReference; fileEncoding = 4; lastKnownFileType = sourcecode.c.h; path = Registered3.h; sourceTree = "<group>"; };
		A7B35B3C1598C47900330B11 /* Registered3.m */ = {isa = PBXFileReference; fileEncoding = 4; lastKnownFileType = sourcecode.c.objc; path = Registered3.m; sourceTree = "<group>"; };
		A7B35B47159A640F00330B11 /* OnMyWay.jpg */ = {isa = PBXFileReference; lastKnownFileType = image.jpeg; path = OnMyWay.jpg; sourceTree = "<group>"; };
		A7BA8CD7159FE698003AAC24 /* Chat.png */ = {isa = PBXFileReference; lastKnownFileType = image.png; name = Chat.png; path = ../Chat.png; sourceTree = "<group>"; };
		A7BBBFD4158858CD00015173 /* Security.framework */ = {isa = PBXFileReference; lastKnownFileType = wrapper.framework; name = Security.framework; path = System/Library/Frameworks/Security.framework; sourceTree = SDKROOT; };
		A7BBBFD7158859FA00015173 /* KeychainItemWrapper.h */ = {isa = PBXFileReference; fileEncoding = 4; lastKnownFileType = sourcecode.c.h; name = KeychainItemWrapper.h; path = Chatty/KeychainItemWrapper.h; sourceTree = "<group>"; };
		A7BBBFD8158859FA00015173 /* KeychainItemWrapper.m */ = {isa = PBXFileReference; fileEncoding = 4; lastKnownFileType = sourcecode.c.objc; name = KeychainItemWrapper.m; path = Chatty/KeychainItemWrapper.m; sourceTree = "<group>"; };
		A7BF80F515E40622005E53AC /* FollowingUser.h */ = {isa = PBXFileReference; fileEncoding = 4; lastKnownFileType = sourcecode.c.h; path = FollowingUser.h; sourceTree = "<group>"; };
		A7BF80F615E40622005E53AC /* FollowingUser.m */ = {isa = PBXFileReference; fileEncoding = 4; lastKnownFileType = sourcecode.c.objc; path = FollowingUser.m; sourceTree = "<group>"; };
		A7BF80F915E4063A005E53AC /* FollowingUser.xib */ = {isa = PBXFileReference; fileEncoding = 4; lastKnownFileType = file.xib; path = FollowingUser.xib; sourceTree = "<group>"; };
		A7BF80FB15E441C5005E53AC /* delete-icon_tiny.png */ = {isa = PBXFileReference; lastKnownFileType = image.png; path = "delete-icon_tiny.png"; sourceTree = "<group>"; };
		A7C17B1C166B4AAD00186336 /* Default-568h@2x.png */ = {isa = PBXFileReference; lastKnownFileType = image.png; path = "Default-568h@2x.png"; sourceTree = "<group>"; };
		A7C6F3D6169EE78C0009636A /* Message.h */ = {isa = PBXFileReference; fileEncoding = 4; lastKnownFileType = sourcecode.c.h; path = Message.h; sourceTree = "<group>"; };
		A7C6F3D7169EE78D0009636A /* Message.m */ = {isa = PBXFileReference; fileEncoding = 4; lastKnownFileType = sourcecode.c.objc; path = Message.m; sourceTree = "<group>"; };
		A7E5997D153614D8009633DC /* Login.h */ = {isa = PBXFileReference; fileEncoding = 4; lastKnownFileType = sourcecode.c.h; path = Login.h; sourceTree = "<group>"; };
		A7E5997E153614D8009633DC /* Login.m */ = {isa = PBXFileReference; fileEncoding = 4; lastKnownFileType = sourcecode.c.objc; path = Login.m; sourceTree = "<group>"; };
		A7E5998315362CBC009633DC /* Registered.h */ = {isa = PBXFileReference; fileEncoding = 4; lastKnownFileType = sourcecode.c.h; path = Registered.h; sourceTree = "<group>"; };
		A7E5998415362CBC009633DC /* Registered.m */ = {isa = PBXFileReference; fileEncoding = 4; lastKnownFileType = sourcecode.c.objc; path = Registered.m; sourceTree = "<group>"; };
		A7E5998C153A5E13009633DC /* Profile.h */ = {isa = PBXFileReference; fileEncoding = 4; lastKnownFileType = sourcecode.c.h; path = Profile.h; sourceTree = "<group>"; };
		A7E5998D153A5E13009633DC /* Profile.m */ = {isa = PBXFileReference; fileEncoding = 4; lastKnownFileType = sourcecode.c.objc; path = Profile.m; sourceTree = "<group>"; };
		A7E7FB75166B0ED600BC29CB /* approved.png */ = {isa = PBXFileReference; lastKnownFileType = image.png; path = approved.png; sourceTree = "<group>"; };
		A7E7FB78166B0F8600BC29CB /* PENDING_Stamp1.png */ = {isa = PBXFileReference; lastKnownFileType = image.png; path = PENDING_Stamp1.png; sourceTree = "<group>"; };
		A7E7FB7E166B165700BC29CB /* whyYouNoFollow.png */ = {isa = PBXFileReference; lastKnownFileType = image.png; path = whyYouNoFollow.png; sourceTree = "<group>"; };
		A7F5DE5B16F851F8003B8EBC /* Default@2x.png */ = {isa = PBXFileReference; lastKnownFileType = image.png; path = "Default@2x.png"; sourceTree = "<group>"; };
		A7F61BD716A2116800F51B04 /* tabbar.png */ = {isa = PBXFileReference; lastKnownFileType = image.png; path = tabbar.png; sourceTree = "<group>"; };
		A7F61BD816A2116800F51B04 /* tabbar@2x.png */ = {isa = PBXFileReference; lastKnownFileType = image.png; path = "tabbar@2x.png"; sourceTree = "<group>"; };
		A7F61BE316A21C0700F51B04 /* pending.png */ = {isa = PBXFileReference; lastKnownFileType = image.png; path = pending.png; sourceTree = "<group>"; };
		A7F61BE416A21C0700F51B04 /* pending@2x.png */ = {isa = PBXFileReference; lastKnownFileType = image.png; path = "pending@2x.png"; sourceTree = "<group>"; };
		A7FE1631158A939200AB5876 /* UIButtonBarRefresh.jpg */ = {isa = PBXFileReference; lastKnownFileType = image.jpeg; name = UIButtonBarRefresh.jpg; path = ../AFNetworking/UIButtonBarRefresh.jpg; sourceTree = "<group>"; };
		A7FE1635158ED00A00AB5876 /* dirk_nowitzki_027.jpg */ = {isa = PBXFileReference; lastKnownFileType = image.jpeg; path = dirk_nowitzki_027.jpg; sourceTree = "<group>"; };
		A7FE1637158F154600AB5876 /* composeMessageOnly.h */ = {isa = PBXFileReference; fileEncoding = 4; lastKnownFileType = sourcecode.c.h; path = composeMessageOnly.h; sourceTree = "<group>"; };
		A7FE1638158F154600AB5876 /* composeMessageOnly.m */ = {isa = PBXFileReference; fileEncoding = 4; lastKnownFileType = sourcecode.c.objc; path = composeMessageOnly.m; sourceTree = "<group>"; };
/* End PBXFileReference section */

/* Begin PBXFrameworksBuildPhase section */
		A736D03D152BBA620049AB22 /* Frameworks */ = {
			isa = PBXFrameworksBuildPhase;
			buildActionMask = 2147483647;
			files = (
				A78AF92516D090C7000E5021 /* libz.dylib in Frameworks */,
				A768947616B7B58F0083507A /* CoreGraphics.framework in Frameworks */,
				A768946E16B668A20083507A /* Social.framework in Frameworks */,
				A768946B16B6688B0083507A /* Accounts.framework in Frameworks */,
				A768946C16B6688B0083507A /* AdSupport.framework in Frameworks */,
				A765BF1D1699484400FB2DD6 /* CoreData.framework in Frameworks */,
				A7BBBFD5158858CD00015173 /* Security.framework in Frameworks */,
				A736D045152BBA620049AB22 /* UIKit.framework in Frameworks */,
				A736D047152BBA620049AB22 /* Foundation.framework in Frameworks */,
				A768947016B7B0BB0083507A /* FacebookSDK.framework in Frameworks */,
				A78AF92016D0900F000E5021 /* libTestFlight.a in Frameworks */,
			);
			runOnlyForDeploymentPostprocessing = 0;
		};
/* End PBXFrameworksBuildPhase section */

/* Begin PBXGroup section */
		0807A9BF154254BB00B72B3E /* Community */ = {
			isa = PBXGroup;
			children = (
				A736D06C152BBD670049AB22 /* Community.h */,
				A736D06D152BBD670049AB22 /* Community.m */,
				A736D075152BFE8A0049AB22 /* Conversation.h */,
				A736D076152BFE8A0049AB22 /* Conversation.m */,
				08D612D4156D864E00F33490 /* CustomMessageCell.h */,
				08D612D5156D864E00F33490 /* CustomMessageCell.m */,
				08D612D2156D84D300F33490 /* CustomMessageCell.xib */,
				A736D0781533859B0049AB22 /* composeConversation.h */,
				A736D0791533859B0049AB22 /* composeConversation.m */,
				A7FE1637158F154600AB5876 /* composeMessageOnly.h */,
				A7FE1638158F154600AB5876 /* composeMessageOnly.m */,
				A7954A5815911D63008C0E69 /* JasonTerry.xib */,
				A7786229167DBC410016290A /* autoCompleteEngine.h */,
				A778622A167DBC410016290A /* autoCompleteEngine.m */,
				A778622D167DBE700016290A /* autoCompleteCell.h */,
				A778622E167DBE700016290A /* autoCompleteCell.m */,
				A7786230167DBE9A0016290A /* autoComplete.xib */,
				A7954A27158FE318008C0E69 /* Misc */,
			);
			name = Community;
			sourceTree = "<group>";
		};
		0807A9C0154254EE00B72B3E /* Search */ = {
			isa = PBXGroup;
			children = (
				A727081915926CF30010E7D2 /* SearchFriends.h */,
				A727081A15926CF30010E7D2 /* SearchFriends.m */,
				A768947716B7BB970083507A /* facebookFriendList.h */,
				A768947816B7BB970083507A /* facebookFriendList.m */,
				A727081D1592705B0010E7D2 /* UserCell.h */,
				A727081E1592705B0010E7D2 /* UserCell.m */,
				A7270820159271030010E7D2 /* UserCell.xib */,
			);
			name = Search;
			sourceTree = "<group>";
		};
		0807A9C11542552600B72B3E /* Profile */ = {
			isa = PBXGroup;
			children = (
				A7E5998C153A5E13009633DC /* Profile.h */,
				A7E5998D153A5E13009633DC /* Profile.m */,
				A7421D4C168672630023211D /* editProfileModal.h */,
				A7421D4D168672630023211D /* editProfileModal.m */,
				08D612CD156D7CEF00F33490 /* profileCustomCell.h */,
				08D612CE156D7CEF00F33490 /* profileCustomCell.m */,
				08D612CB156D7BF100F33490 /* profileCustomCell.xib */,
				A74869FF15E2D4C8004E770D /* PendingRequestCell.h */,
				A7486A0015E2D4C9004E770D /* PendingRequestCell.m */,
				A7486A0215E2D537004E770D /* PendingRequestCell.xib */,
				A7BF80F515E40622005E53AC /* FollowingUser.h */,
				A7BF80F615E40622005E53AC /* FollowingUser.m */,
				A7BF80F915E4063A005E53AC /* FollowingUser.xib */,
			);
			name = Profile;
			sourceTree = "<group>";
		};
		0807A9C21542554400B72B3E /* Me */ = {
			isa = PBXGroup;
			children = (
				A736D06F152BBD7B0049AB22 /* Me.h */,
				A736D070152BBD7B0049AB22 /* Me.m */,
				A71D842616392C5100F45755 /* ConversationMe.h */,
				A71D842716392C5100F45755 /* ConversationMe.m */,
			);
			name = Me;
			sourceTree = "<group>";
		};
		083A8B2415420C9E0078989E /* Images */ = {
			isa = PBXGroup;
			children = (
				A7786236167E5A3C0016290A /* 14643521-thumb-up-icon.jpg */,
				A70B6DB616D96397007D0CCF /* add.png */,
				A70B6DB716D96397007D0CCF /* add@2x.png */,
				A7E7FB75166B0ED600BC29CB /* approved.png */,
				A75254C2171BEB890068F4DC /* austinlove.png */,
				A765BEB5169770B200FB2DD6 /* bg_4.png */,
				A72708221592D5B60010E7D2 /* bluePlusSign.jpeg */,
				A7BA8CD7159FE698003AAC24 /* Chat.png */,
				A7270C7F16A1FE3700268B0E /* community.png */,
				A7270C7D16A1FE0400268B0E /* community@2x.png */,
				A75254C4171E59EA0068F4DC /* default@2x.png */,
				A75254C6171E59F40068F4DC /* default-568@2x.png */,
				A7BF80FB15E441C5005E53AC /* delete-icon_tiny.png */,
				A7FE1635158ED00A00AB5876 /* dirk_nowitzki_027.jpg */,
				A7270C8416A2030E00268B0E /* find.png */,
				A7270C8516A2030E00268B0E /* find@2x.png */,
				A736D05C152BBA620049AB22 /* first.png */,
				A736D05E152BBA620049AB22 /* first@2x.png */,
				A70B6DC216D96A5A007D0CCF /* friends.png */,
				A70B6DC316D96A5A007D0CCF /* friends@2x.png */,
				A72708241593F25D0010E7D2 /* green-checkmark.png */,
				A765BEC616977C9300FB2DD6 /* Icon (1).png */,
				A765BEC516977C9300FB2DD6 /* Icon@2x (1).png */,
				A7954A5B15911E35008C0E69 /* jasonT.jpeg */,
				A70B6DCA16D972D6007D0CCF /* likedMe.png */,
				A70B6DCB16D972D6007D0CCF /* likedMe@2x.png */,
				A70B6DCC16D972D6007D0CCF /* likeMe.png */,
				A70B6DCD16D972D6007D0CCF /* likeMe@2x.png */,
				A7270C8616A2030E00268B0E /* me.png */,
				A7270C8716A2030E00268B0E /* me@2x.png */,
				A765BEAF16976C0A00FB2DD6 /* mychats.png */,
				A7270C8816A2030E00268B0E /* new.png */,
				A7270C8916A2030E00268B0E /* new@2x.png */,
				A7B35B47159A640F00330B11 /* OnMyWay.jpg */,
				A7F61BE316A21C0700F51B04 /* pending.png */,
				A7F61BE416A21C0700F51B04 /* pending@2x.png */,
				A7E7FB78166B0F8600BC29CB /* PENDING_Stamp1.png */,
				A7270C8A16A2030E00268B0E /* profile.png */,
				A7270C8116A2030E00268B0E /* profile@2x.png */,
				A7486A0415E34F0F004E770D /* question-mark.gif */,
				A7270C8216A2030E00268B0E /* refresh.png */,
				A7270C8316A2030E00268B0E /* refresh@2x.png */,
				A736D063152BBA620049AB22 /* second.png */,
				A736D065152BBA620049AB22 /* second@2x.png */,
				A7F61BD716A2116800F51B04 /* tabbar.png */,
				A7F61BD816A2116800F51B04 /* tabbar@2x.png */,
				A7FE1631158A939200AB5876 /* UIButtonBarRefresh.jpg */,
				A70B6DC616D96BB7007D0CCF /* unfollow.png */,
				A70B6DC716D96BB7007D0CCF /* unfollow@2x.png */,
				A7E7FB7E166B165700BC29CB /* whyYouNoFollow.png */,
			);
			name = Images;
			sourceTree = "<group>";
		};
		083A8B2515420CCC0078989E /* tabs */ = {
			isa = PBXGroup;
			children = (
				0807A9BF154254BB00B72B3E /* Community */,
				0807A9C21542554400B72B3E /* Me */,
				0807A9C0154254EE00B72B3E /* Search */,
				0807A9C11542552600B72B3E /* Profile */,
			);
			name = tabs;
			sourceTree = "<group>";
		};
		A736D035152BBA620049AB22 = {
			isa = PBXGroup;
			children = (
				A733F7A417227508003D320F /* Icon (1).png */,
				A75254C8171E5B490068F4DC /* Default.png */,
				A7F5DE5B16F851F8003B8EBC /* Default@2x.png */,
				A78AF92416D090C7000E5021 /* libz.dylib */,
				A765BEC916977CB500FB2DD6 /* Icon@2x (1).png */,
				A765BEC316977B2D00FB2DD6 /* Icon@2x.png */,
				A7C17B1C166B4AAD00186336 /* Default-568h@2x.png */,
				A78AF91B16D0900F000E5021 /* TestFlightSDK1.1 */,
				A76DDEBA158537C100F8D65D /* AFNetworking */,
				A736D04A152BBA620049AB22 /* Chatty */,
				A736D043152BBA620049AB22 /* Frameworks */,
				A736D041152BBA620049AB22 /* Products */,
			);
			sourceTree = "<group>";
		};
		A736D041152BBA620049AB22 /* Products */ = {
			isa = PBXGroup;
			children = (
				A736D040152BBA620049AB22 /* Chatty.app */,
			);
			name = Products;
			sourceTree = "<group>";
		};
		A736D043152BBA620049AB22 /* Frameworks */ = {
			isa = PBXGroup;
			children = (
				A768947516B7B58F0083507A /* CoreGraphics.framework */,
				A768946F16B7B0BB0083507A /* FacebookSDK.framework */,
				A768947316B7B1210083507A /* FBUserSettingsViewResources.bundle */,
				A768947116B7B1140083507A /* FacebookSDKResources.bundle */,
				A768946D16B668A20083507A /* Social.framework */,
				A768946916B6688B0083507A /* Accounts.framework */,
				A768946A16B6688B0083507A /* AdSupport.framework */,
				A7BBBFD7158859FA00015173 /* KeychainItemWrapper.h */,
				A7BBBFD8158859FA00015173 /* KeychainItemWrapper.m */,
				A765BF1C1699484400FB2DD6 /* CoreData.framework */,
				A7BBBFD4158858CD00015173 /* Security.framework */,
				A736D046152BBA620049AB22 /* Foundation.framework */,
				A736D044152BBA620049AB22 /* UIKit.framework */,
			);
			name = Frameworks;
			sourceTree = "<group>";
		};
		A736D04A152BBA620049AB22 /* Chatty */ = {
			isa = PBXGroup;
			children = (
				A736D053152BBA620049AB22 /* BIDAppDelegate.h */,
				A736D054152BBA620049AB22 /* BIDAppDelegate.m */,
				A72129681589D13300AC5EF9 /* AFChattyAPIClient.h */,
				A72129691589D13300AC5EF9 /* AFChattyAPIClient.m */,
				A7E5997D153614D8009633DC /* Login.h */,
				A7E5997E153614D8009633DC /* Login.m */,
				A7E5998315362CBC009633DC /* Registered.h */,
				A7E5998415362CBC009633DC /* Registered.m */,
				A7B35B3B1598C47900330B11 /* Registered3.h */,
				A7B35B3C1598C47900330B11 /* Registered3.m */,
				A736D056152BBA620049AB22 /* MainStoryboard.storyboard */,
				A75403A916F51D2900402780 /* ResetPassword.h */,
				A75403AA16F51D2900402780 /* ResetPassword.m */,
				A765BF191699444200FB2DD6 /* Messages.xcdatamodeld */,
				A7C6F3D6169EE78C0009636A /* Message.h */,
				A7C6F3D7169EE78D0009636A /* Message.m */,
				083A8B2515420CCC0078989E /* tabs */,
				083A8B2415420C9E0078989E /* Images */,
				A736D04B152BBA620049AB22 /* Supporting Files */,
			);
			path = Chatty;
			sourceTree = "<group>";
		};
		A736D04B152BBA620049AB22 /* Supporting Files */ = {
			isa = PBXGroup;
			children = (
				A736D04C152BBA620049AB22 /* Chatty-Info.plist */,
				A736D04D152BBA620049AB22 /* InfoPlist.strings */,
				A736D050152BBA620049AB22 /* main.m */,
				A736D052152BBA620049AB22 /* Chatty-Prefix.pch */,
			);
			name = "Supporting Files";
			sourceTree = "<group>";
		};
		A76DDEBA158537C100F8D65D /* AFNetworking */ = {
			isa = PBXGroup;
			children = (
				A76DDEBB158537C100F8D65D /* AFHTTPClient.h */,
				A76DDEBC158537C100F8D65D /* AFHTTPClient.m */,
				A76DDEBD158537C100F8D65D /* AFHTTPRequestOperation.h */,
				A76DDEBE158537C100F8D65D /* AFHTTPRequestOperation.m */,
				A76DDEBF158537C100F8D65D /* AFImageRequestOperation.h */,
				A76DDEC0158537C100F8D65D /* AFImageRequestOperation.m */,
				A76DDEC1158537C100F8D65D /* AFJSONRequestOperation.h */,
				A76DDEC2158537C100F8D65D /* AFJSONRequestOperation.m */,
				A76DDEC3158537C100F8D65D /* AFJSONUtilities.h */,
				A76DDEC4158537C100F8D65D /* AFJSONUtilities.m */,
				A76DDEC5158537C100F8D65D /* AFNetworkActivityIndicatorManager.h */,
				A76DDEC6158537C100F8D65D /* AFNetworkActivityIndicatorManager.m */,
				A76DDEC7158537C100F8D65D /* AFNetworking.h */,
				A76DDEC8158537C100F8D65D /* AFPropertyListRequestOperation.h */,
				A76DDEC9158537C100F8D65D /* AFPropertyListRequestOperation.m */,
				A76DDECA158537C100F8D65D /* AFURLConnectionOperation.h */,
				A76DDECB158537C100F8D65D /* AFURLConnectionOperation.m */,
				A76DDECC158537C100F8D65D /* AFXMLRequestOperation.h */,
				A76DDECD158537C100F8D65D /* AFXMLRequestOperation.m */,
				A76DDECE158537C100F8D65D /* UIImageView+AFNetworking.h */,
				A76DDECF158537C100F8D65D /* UIImageView+AFNetworking.m */,
			);
			path = AFNetworking;
			sourceTree = "<group>";
		};
		A78AF91B16D0900F000E5021 /* TestFlightSDK1.1 */ = {
			isa = PBXGroup;
			children = (
				A78AF91C16D0900F000E5021 /* libTestFlight.a */,
				A78AF91D16D0900F000E5021 /* README.md */,
				A78AF91E16D0900F000E5021 /* release_notes.md */,
				A78AF91F16D0900F000E5021 /* TestFlight.h */,
			);
			name = TestFlightSDK1.1;
			path = Chatty/TestFlightSDK1.1;
			sourceTree = "<group>";
		};
		A7954A27158FE318008C0E69 /* Misc */ = {
			isa = PBXGroup;
			children = (
				0807A9C315435D0E00B72B3E /* AllCell.h */,
				0807A9C415435D0E00B72B3E /* AllCell.m */,
				083A8B27154210E90078989E /* ConversationCell.h */,
				083A8B28154210E90078989E /* ConversationCell.m */,
				0807A9B815424A3800B72B3E /* MessageCell.h */,
				0807A9B915424A3800B72B3E /* MessageCell.m */,
				0807A9D115437C3300B72B3E /* SearchCell.h */,
				0807A9D215437C3400B72B3E /* SearchCell.m */,
			);
			name = Misc;
			sourceTree = "<group>";
		};
/* End PBXGroup section */

/* Begin PBXNativeTarget section */
		A736D03F152BBA620049AB22 /* Chatty */ = {
			isa = PBXNativeTarget;
			buildConfigurationList = A736D069152BBA620049AB22 /* Build configuration list for PBXNativeTarget "Chatty" */;
			buildPhases = (
				A736D03C152BBA620049AB22 /* Sources */,
				A736D03D152BBA620049AB22 /* Frameworks */,
				A736D03E152BBA620049AB22 /* Resources */,
			);
			buildRules = (
			);
			dependencies = (
			);
			name = Chatty;
			productName = Chatty;
			productReference = A736D040152BBA620049AB22 /* Chatty.app */;
			productType = "com.apple.product-type.application";
		};
/* End PBXNativeTarget section */

/* Begin PBXProject section */
		A736D037152BBA620049AB22 /* Project object */ = {
			isa = PBXProject;
			attributes = {
				LastUpgradeCheck = 0450;
			};
			buildConfigurationList = A736D03A152BBA620049AB22 /* Build configuration list for PBXProject "Chatty" */;
			compatibilityVersion = "Xcode 3.2";
			developmentRegion = English;
			hasScannedForEncodings = 0;
			knownRegions = (
				en,
			);
			mainGroup = A736D035152BBA620049AB22;
			productRefGroup = A736D041152BBA620049AB22 /* Products */;
			projectDirPath = "";
			projectRoot = "";
			targets = (
				A736D03F152BBA620049AB22 /* Chatty */,
			);
		};
/* End PBXProject section */

/* Begin PBXResourcesBuildPhase section */
		A736D03E152BBA620049AB22 /* Resources */ = {
			isa = PBXResourcesBuildPhase;
			buildActionMask = 2147483647;
			files = (
				A736D04F152BBA620049AB22 /* InfoPlist.strings in Resources */,
				A736D058152BBA620049AB22 /* MainStoryboard.storyboard in Resources */,
				A736D05D152BBA620049AB22 /* first.png in Resources */,
				A736D05F152BBA620049AB22 /* first@2x.png in Resources */,
				A736D064152BBA620049AB22 /* second.png in Resources */,
				A736D066152BBA620049AB22 /* second@2x.png in Resources */,
				08D612CC156D7BF100F33490 /* profileCustomCell.xib in Resources */,
				08D612D3156D84D300F33490 /* CustomMessageCell.xib in Resources */,
				A7FE1632158A939200AB5876 /* UIButtonBarRefresh.jpg in Resources */,
				A7FE1636158ED00B00AB5876 /* dirk_nowitzki_027.jpg in Resources */,
				A7954A5915911D63008C0E69 /* JasonTerry.xib in Resources */,
				A7954A5C15911E35008C0E69 /* jasonT.jpeg in Resources */,
				A7270821159271030010E7D2 /* UserCell.xib in Resources */,
				A72708231592D5B60010E7D2 /* bluePlusSign.jpeg in Resources */,
				A72708251593F25D0010E7D2 /* green-checkmark.png in Resources */,
				A7B35B48159A640F00330B11 /* OnMyWay.jpg in Resources */,
				A7486A0315E2D537004E770D /* PendingRequestCell.xib in Resources */,
				A7486A0515E34F0F004E770D /* question-mark.gif in Resources */,
				A7BF80FA15E4063A005E53AC /* FollowingUser.xib in Resources */,
				A7BF80FC15E441C5005E53AC /* delete-icon_tiny.png in Resources */,
				A7E7FB76166B0ED600BC29CB /* approved.png in Resources */,
				A7E7FB79166B0F8600BC29CB /* PENDING_Stamp1.png in Resources */,
				A7E7FB7F166B165700BC29CB /* whyYouNoFollow.png in Resources */,
				A7786231167DBE9A0016290A /* autoComplete.xib in Resources */,
				A7786237167E5A3C0016290A /* 14643521-thumb-up-icon.jpg in Resources */,
				A765BEB116976C0A00FB2DD6 /* mychats.png in Resources */,
				A765BEB6169770B200FB2DD6 /* bg_4.png in Resources */,
				A765BEC416977B2D00FB2DD6 /* Icon@2x.png in Resources */,
				A765BEC716977C9300FB2DD6 /* Icon@2x (1).png in Resources */,
				A765BEC816977C9300FB2DD6 /* Icon (1).png in Resources */,
				A765BECA16977CB500FB2DD6 /* Icon@2x (1).png in Resources */,
				A7270C7E16A1FE0400268B0E /* community@2x.png in Resources */,
				A7270C8016A1FE3700268B0E /* community.png in Resources */,
				A7270C8B16A2030E00268B0E /* profile@2x.png in Resources */,
				A7270C8C16A2030E00268B0E /* refresh.png in Resources */,
				A7270C8D16A2030E00268B0E /* refresh@2x.png in Resources */,
				A7270C8E16A2030E00268B0E /* find.png in Resources */,
				A7270C8F16A2030E00268B0E /* find@2x.png in Resources */,
				A7270C9016A2030E00268B0E /* me.png in Resources */,
				A7270C9116A2030E00268B0E /* me@2x.png in Resources */,
				A7270C9216A2030E00268B0E /* new.png in Resources */,
				A7270C9316A2030E00268B0E /* new@2x.png in Resources */,
				A7270C9416A2030E00268B0E /* profile.png in Resources */,
				A7F61BD916A2116800F51B04 /* tabbar.png in Resources */,
				A7F61BDA16A2116800F51B04 /* tabbar@2x.png in Resources */,
				A7F61BE516A21C0700F51B04 /* pending.png in Resources */,
				A7F61BE616A21C0700F51B04 /* pending@2x.png in Resources */,
				A768947216B7B1140083507A /* FacebookSDKResources.bundle in Resources */,
				A768947416B7B1210083507A /* FBUserSettingsViewResources.bundle in Resources */,
				A78AF92116D0900F000E5021 /* README.md in Resources */,
				A78AF92216D0900F000E5021 /* release_notes.md in Resources */,
				A70B6DB816D96397007D0CCF /* add.png in Resources */,
				A70B6DB916D96397007D0CCF /* add@2x.png in Resources */,
				A70B6DC416D96A5A007D0CCF /* friends.png in Resources */,
				A70B6DC516D96A5A007D0CCF /* friends@2x.png in Resources */,
				A70B6DC816D96BB7007D0CCF /* unfollow.png in Resources */,
				A70B6DC916D96BB7007D0CCF /* unfollow@2x.png in Resources */,
				A70B6DCE16D972D7007D0CCF /* likedMe.png in Resources */,
				A70B6DCF16D972D7007D0CCF /* likedMe@2x.png in Resources */,
				A70B6DD016D972D7007D0CCF /* likeMe.png in Resources */,
				A70B6DD116D972D7007D0CCF /* likeMe@2x.png in Resources */,
				A70B6DD216D9C0D7007D0CCF /* Default-568h@2x.png in Resources */,
				A7F5DE5C16F851F8003B8EBC /* Default@2x.png in Resources */,
				A75254C3171BEB890068F4DC /* austinlove.png in Resources */,
				A75254C5171E59EA0068F4DC /* default@2x.png in Resources */,
				A75254C7171E59F40068F4DC /* default-568@2x.png in Resources */,
				A733F7A517227508003D320F /* Icon (1).png in Resources */,
			);
			runOnlyForDeploymentPostprocessing = 0;
		};
/* End PBXResourcesBuildPhase section */

/* Begin PBXSourcesBuildPhase section */
		A736D03C152BBA620049AB22 /* Sources */ = {
			isa = PBXSourcesBuildPhase;
			buildActionMask = 2147483647;
			files = (
				A736D051152BBA620049AB22 /* main.m in Sources */,
				A736D055152BBA620049AB22 /* BIDAppDelegate.m in Sources */,
				A736D06E152BBD670049AB22 /* Community.m in Sources */,
				A736D071152BBD7B0049AB22 /* Me.m in Sources */,
				A736D077152BFE8A0049AB22 /* Conversation.m in Sources */,
				A736D07A1533859C0049AB22 /* composeConversation.m in Sources */,
				A7E5997F153614D8009633DC /* Login.m in Sources */,
				A7E5998515362CBC009633DC /* Registered.m in Sources */,
				A7E5998E153A5E13009633DC /* Profile.m in Sources */,
				083A8B29154210EA0078989E /* ConversationCell.m in Sources */,
				0807A9BA15424A3800B72B3E /* MessageCell.m in Sources */,
				0807A9C515435D0E00B72B3E /* AllCell.m in Sources */,
				0807A9D315437C3400B72B3E /* SearchCell.m in Sources */,
				08D612CF156D7CEF00F33490 /* profileCustomCell.m in Sources */,
				08D612D6156D864E00F33490 /* CustomMessageCell.m in Sources */,
				A76DDED0158537C100F8D65D /* AFHTTPClient.m in Sources */,
				A76DDED1158537C100F8D65D /* AFHTTPRequestOperation.m in Sources */,
				A76DDED2158537C100F8D65D /* AFImageRequestOperation.m in Sources */,
				A76DDED3158537C100F8D65D /* AFJSONRequestOperation.m in Sources */,
				A76DDED4158537C100F8D65D /* AFJSONUtilities.m in Sources */,
				A76DDED5158537C100F8D65D /* AFNetworkActivityIndicatorManager.m in Sources */,
				A76DDED6158537C100F8D65D /* AFPropertyListRequestOperation.m in Sources */,
				A76DDED7158537C100F8D65D /* AFURLConnectionOperation.m in Sources */,
				A76DDED8158537C100F8D65D /* AFXMLRequestOperation.m in Sources */,
				A76DDED9158537C100F8D65D /* UIImageView+AFNetworking.m in Sources */,
				A7BBBFD9158859FA00015173 /* KeychainItemWrapper.m in Sources */,
				A721296A1589D13300AC5EF9 /* AFChattyAPIClient.m in Sources */,
				A7FE1639158F154700AB5876 /* composeMessageOnly.m in Sources */,
				A727081B15926CF30010E7D2 /* SearchFriends.m in Sources */,
				A727081F1592705B0010E7D2 /* UserCell.m in Sources */,
				A7B35B3D1598C47900330B11 /* Registered3.m in Sources */,
				A7486A0115E2D4C9004E770D /* PendingRequestCell.m in Sources */,
				A7BF80F715E40622005E53AC /* FollowingUser.m in Sources */,
				A71D842816392C5100F45755 /* ConversationMe.m in Sources */,
				A778622B167DBC410016290A /* autoCompleteEngine.m in Sources */,
				A778622F167DBE700016290A /* autoCompleteCell.m in Sources */,
				A7421D4E168672630023211D /* editProfileModal.m in Sources */,
				A765BF1B1699444300FB2DD6 /* Messages.xcdatamodeld in Sources */,
				A7C6F3D8169EE78D0009636A /* Message.m in Sources */,
				A768947A16B7BB970083507A /* facebookFriendList.m in Sources */,
				A75403AB16F51D2900402780 /* ResetPassword.m in Sources */,
			);
			runOnlyForDeploymentPostprocessing = 0;
		};
/* End PBXSourcesBuildPhase section */

/* Begin PBXVariantGroup section */
		A736D04D152BBA620049AB22 /* InfoPlist.strings */ = {
			isa = PBXVariantGroup;
			children = (
				A736D04E152BBA620049AB22 /* en */,
			);
			name = InfoPlist.strings;
			sourceTree = "<group>";
		};
		A736D056152BBA620049AB22 /* MainStoryboard.storyboard */ = {
			isa = PBXVariantGroup;
			children = (
				A736D057152BBA620049AB22 /* en */,
			);
			name = MainStoryboard.storyboard;
			sourceTree = "<group>";
		};
/* End PBXVariantGroup section */

/* Begin XCBuildConfiguration section */
		A736D067152BBA620049AB22 /* Debug */ = {
			isa = XCBuildConfiguration;
			buildSettings = {
				ALWAYS_SEARCH_USER_PATHS = NO;
				ARCHS = "$(ARCHS_STANDARD_32_BIT)";
				CLANG_ENABLE_OBJC_ARC = YES;
				CODE_SIGN_IDENTITY = "iPhone Distribution: Omar THANAWALLA";
				"CODE_SIGN_IDENTITY[sdk=iphoneos*]" = "iPhone Developer";
				COPY_PHASE_STRIP = NO;
				GCC_C_LANGUAGE_STANDARD = gnu99;
				GCC_DYNAMIC_NO_PIC = NO;
				GCC_OPTIMIZATION_LEVEL = 0;
				GCC_PREPROCESSOR_DEFINITIONS = (
					"DEBUG=1",
					"$(inherited)",
				);
				GCC_SYMBOLS_PRIVATE_EXTERN = NO;
				GCC_VERSION = com.apple.compilers.llvm.clang.1_0;
				GCC_WARN_ABOUT_MISSING_PROTOTYPES = YES;
				GCC_WARN_ABOUT_RETURN_TYPE = YES;
				GCC_WARN_UNUSED_VARIABLE = YES;
				IPHONEOS_DEPLOYMENT_TARGET = 6.0;
				PROVISIONING_PROFILE = "084F1721-E23D-4261-874D-2080B19F75FC";
				SDKROOT = iphoneos;
			};
			name = Debug;
		};
		A736D068152BBA620049AB22 /* Release */ = {
			isa = XCBuildConfiguration;
			buildSettings = {
				ALWAYS_SEARCH_USER_PATHS = NO;
				ARCHS = "$(ARCHS_STANDARD_32_BIT)";
				CLANG_ENABLE_OBJC_ARC = YES;
				CODE_SIGN_IDENTITY = "iPhone Distribution: Omar THANAWALLA";
				"CODE_SIGN_IDENTITY[sdk=iphoneos*]" = "iPhone Developer";
				COPY_PHASE_STRIP = YES;
				GCC_C_LANGUAGE_STANDARD = gnu99;
				GCC_VERSION = com.apple.compilers.llvm.clang.1_0;
				GCC_WARN_ABOUT_MISSING_PROTOTYPES = YES;
				GCC_WARN_ABOUT_RETURN_TYPE = YES;
				GCC_WARN_UNUSED_VARIABLE = YES;
				IPHONEOS_DEPLOYMENT_TARGET = 6.0;
				OTHER_CFLAGS = "-DNS_BLOCK_ASSERTIONS=1";
				PROVISIONING_PROFILE = "084F1721-E23D-4261-874D-2080B19F75FC";
				SDKROOT = iphoneos;
				VALIDATE_PRODUCT = YES;
			};
			name = Release;
		};
		A736D06A152BBA620049AB22 /* Debug */ = {
			isa = XCBuildConfiguration;
			buildSettings = {
				CODE_SIGN_IDENTITY = "iPhone Distribution: Omar THANAWALLA";
				FRAMEWORK_SEARCH_PATHS = (
					"$(inherited)",
					"\"$(SRCROOT)/Chatty\"",
					"\"$(SRCROOT)/../../../Documents/FacebookSDK\"",
				);
				GCC_PRECOMPILE_PREFIX_HEADER = YES;
				GCC_PREFIX_HEADER = "Chatty/Chatty-Prefix.pch";
				INFOPLIST_FILE = "Chatty/Chatty-Info.plist";
				LIBRARY_SEARCH_PATHS = (
					"$(inherited)",
					"\"$(SRCROOT)/Chatty/TestFlightSDK1.1\"",
				);
				OTHER_LDFLAGS = "-lsqlite3.0";
				PRODUCT_NAME = "$(TARGET_NAME)";
				PROVISIONING_PROFILE = "084F1721-E23D-4261-874D-2080B19F75FC";
				WRAPPER_EXTENSION = app;
			};
			name = Debug;
		};
		A736D06B152BBA620049AB22 /* Release */ = {
			isa = XCBuildConfiguration;
			buildSettings = {
				CODE_SIGN_IDENTITY = "iPhone Distribution: Omar THANAWALLA";
				"CODE_SIGN_IDENTITY[sdk=iphoneos*]" = "iPhone Distribution";
				COPY_PHASE_STRIP = NO;
				FRAMEWORK_SEARCH_PATHS = (
					"$(inherited)",
					"\"$(SRCROOT)/Chatty\"",
					"\"$(SRCROOT)/../../../Documents/FacebookSDK\"",
				);
				GCC_PRECOMPILE_PREFIX_HEADER = YES;
				GCC_PREFIX_HEADER = "Chatty/Chatty-Prefix.pch";
				INFOPLIST_FILE = "Chatty/Chatty-Info.plist";
				LIBRARY_SEARCH_PATHS = (
					"$(inherited)",
					"\"$(SRCROOT)/Chatty/TestFlightSDK1.1\"",
				);
				OTHER_LDFLAGS = "-lsqlite3.0";
				PRODUCT_NAME = "$(TARGET_NAME)";
				PROVISIONING_PROFILE = "084F1721-E23D-4261-874D-2080B19F75FC";
				"PROVISIONING_PROFILE[sdk=iphoneos*]" = "";
				WRAPPER_EXTENSION = app;
			};
			name = Release;
		};
/* End XCBuildConfiguration section */

/* Begin XCConfigurationList section */
		A736D03A152BBA620049AB22 /* Build configuration list for PBXProject "Chatty" */ = {
			isa = XCConfigurationList;
			buildConfigurations = (
				A736D067152BBA620049AB22 /* Debug */,
				A736D068152BBA620049AB22 /* Release */,
			);
			defaultConfigurationIsVisible = 0;
			defaultConfigurationName = Release;
		};
		A736D069152BBA620049AB22 /* Build configuration list for PBXNativeTarget "Chatty" */ = {
			isa = XCConfigurationList;
			buildConfigurations = (
				A736D06A152BBA620049AB22 /* Debug */,
				A736D06B152BBA620049AB22 /* Release */,
			);
			defaultConfigurationIsVisible = 0;
			defaultConfigurationName = Release;
		};
/* End XCConfigurationList section */

/* Begin XCVersionGroup section */
		A765BF191699444200FB2DD6 /* Messages.xcdatamodeld */ = {
			isa = XCVersionGroup;
			children = (
				A765BF1A1699444300FB2DD6 /* Messages.xcdatamodel */,
			);
			currentVersion = A765BF1A1699444300FB2DD6 /* Messages.xcdatamodel */;
			path = Messages.xcdatamodeld;
			sourceTree = "<group>";
			versionGroupType = wrapper.xcdatamodel;
		};
/* End XCVersionGroup section */
	};
	rootObject = A736D037152BBA620049AB22 /* Project object */;
}
